
Microsoft Visual Studio Solution File, Format Version 9.00
# Visual Studio 2005
Project("{8BC9CEB8-8B4A-11D0-8D11-00A0C91BC942}") = "taBBallClient", "taBBallClient\taBBallClient.vcproj", "{D7CF44D8-356E-4F53-BAB3-B04F3C4DC05E}"
	ProjectSection(ProjectDependencies) = postProject
		{DF16DB5D-6A1F-49C4-B7E2-A502AD038CD0} = {DF16DB5D-6A1F-49C4-B7E2-A502AD038CD0}
		{6B20F15D-DA02-48E4-82BE-B0E683597A93} = {6B20F15D-DA02-48E4-82BE-B0E683597A93}
		{D91C0F9B-41C8-468A-BE2E-617CA8B527DB} = {D91C0F9B-41C8-468A-BE2E-617CA8B527DB}
		{54236C4C-C4D1-4319-926F-F1A23FDA7265} = {54236C4C-C4D1-4319-926F-F1A23FDA7265}
	EndProjectSection
EndProject
Project("{8BC9CEB8-8B4A-11D0-8D11-00A0C91BC942}") = "taBBallCommon", "taBBallCommon\taBBallCommon.vcproj", "{8A5C6DD9-927F-4856-83DE-5898D4A267D7}"
	ProjectSection(ProjectDependencies) = postProject
		{54236C4C-C4D1-4319-926F-F1A23FDA7265} = {54236C4C-C4D1-4319-926F-F1A23FDA7265}
		{DF16DB5D-6A1F-49C4-B7E2-A502AD038CD0} = {DF16DB5D-6A1F-49C4-B7E2-A502AD038CD0}
	EndProjectSection
EndProject
Project("{8BC9CEB8-8B4A-11D0-8D11-00A0C91BC942}") = "ZInput", "..\..\plugins\ZInput\ZInput.vcproj", "{6E216A27-BB16-4C15-8A27-4B1DA0CC2290}"
	ProjectSection(ProjectDependencies) = postProject
		{54236C4C-C4D1-4319-926F-F1A23FDA7265} = {54236C4C-C4D1-4319-926F-F1A23FDA7265}
		{DF16DB5D-6A1F-49C4-B7E2-A502AD038CD0} = {DF16DB5D-6A1F-49C4-B7E2-A502AD038CD0}
	EndProjectSection
EndProject
Project("{8BC9CEB8-8B4A-11D0-8D11-00A0C91BC942}") = "ZLua", "..\..\plugins\ZLua\ZLua.vcproj", "{C1A212EC-1787-488E-A754-8A7786BD65CD}"
	ProjectSection(ProjectDependencies) = postProject
		{54236C4C-C4D1-4319-926F-F1A23FDA7265} = {54236C4C-C4D1-4319-926F-F1A23FDA7265}
		{DF16DB5D-6A1F-49C4-B7E2-A502AD038CD0} = {DF16DB5D-6A1F-49C4-B7E2-A502AD038CD0}
	EndProjectSection
EndProject
Project("{8BC9CEB8-8B4A-11D0-8D11-00A0C91BC942}") = "ZOgre", "..\..\plugins\ZOgre\ZOgre.vcproj", "{39DE4ABF-D766-4E23-8385-264363E5BB24}"
	ProjectSection(ProjectDependencies) = postProject
		{54236C4C-C4D1-4319-926F-F1A23FDA7265} = {54236C4C-C4D1-4319-926F-F1A23FDA7265}
		{DF16DB5D-6A1F-49C4-B7E2-A502AD038CD0} = {DF16DB5D-6A1F-49C4-B7E2-A502AD038CD0}
	EndProjectSection
EndProject
Project("{8BC9CEB8-8B4A-11D0-8D11-00A0C91BC942}") = "ZNewton", "..\..\plugins\ZNewton\ZNewton.vcproj", "{955D7A1A-27B2-4BD2-8D46-7D63D1F5D99F}"
	ProjectSection(ProjectDependencies) = postProject
		{DF16DB5D-6A1F-49C4-B7E2-A502AD038CD0} = {DF16DB5D-6A1F-49C4-B7E2-A502AD038CD0}
		{54236C4C-C4D1-4319-926F-F1A23FDA7265} = {54236C4C-C4D1-4319-926F-F1A23FDA7265}
	EndProjectSection
EndProject
Project("{8BC9CEB8-8B4A-11D0-8D11-00A0C91BC942}") = "BaseClient", "..\..\Starter\Base\BaseClient\BaseClient.vcproj", "{6B20F15D-DA02-48E4-82BE-B0E683597A93}"
	ProjectSection(ProjectDependencies) = postProject
		{DF16DB5D-6A1F-49C4-B7E2-A502AD038CD0} = {DF16DB5D-6A1F-49C4-B7E2-A502AD038CD0}
		{D91C0F9B-41C8-468A-BE2E-617CA8B527DB} = {D91C0F9B-41C8-468A-BE2E-617CA8B527DB}
		{54236C4C-C4D1-4319-926F-F1A23FDA7265} = {54236C4C-C4D1-4319-926F-F1A23FDA7265}
	EndProjectSection
EndProject
Project("{8BC9CEB8-8B4A-11D0-8D11-00A0C91BC942}") = "ZGameLoader", "..\..\Starter\Base\ZGameLoader\ZGameLoader.vcproj", "{3A0651FB-E192-4BBD-B9BC-F1FA098CE303}"
	ProjectSection(ProjectDependencies) = postProject
		{6B20F15D-DA02-48E4-82BE-B0E683597A93} = {6B20F15D-DA02-48E4-82BE-B0E683597A93}
		{DF16DB5D-6A1F-49C4-B7E2-A502AD038CD0} = {DF16DB5D-6A1F-49C4-B7E2-A502AD038CD0}
		{54236C4C-C4D1-4319-926F-F1A23FDA7265} = {54236C4C-C4D1-4319-926F-F1A23FDA7265}
	EndProjectSection
EndProject
Project("{8BC9CEB8-8B4A-11D0-8D11-00A0C91BC942}") = "ZenCore", "..\..\build\MSVC8\Core\Core.vcproj", "{DF16DB5D-6A1F-49C4-B7E2-A502AD038CD0}"
EndProject
Project("{8BC9CEB8-8B4A-11D0-8D11-00A0C91BC942}") = "ZenEngine", "..\..\build\MSVC8\Engine\Engine.vcproj", "{54236C4C-C4D1-4319-926F-F1A23FDA7265}"
	ProjectSection(ProjectDependencies) = postProject
		{DF16DB5D-6A1F-49C4-B7E2-A502AD038CD0} = {DF16DB5D-6A1F-49C4-B7E2-A502AD038CD0}
	EndProjectSection
EndProject
Project("{8BC9CEB8-8B4A-11D0-8D11-00A0C91BC942}") = "BaseCommon", "..\..\Starter\Base\BaseCommon\BaseCommon.vcproj", "{D91C0F9B-41C8-468A-BE2E-617CA8B527DB}"
	ProjectSection(ProjectDependencies) = postProject
		{54236C4C-C4D1-4319-926F-F1A23FDA7265} = {54236C4C-C4D1-4319-926F-F1A23FDA7265}
		{DF16DB5D-6A1F-49C4-B7E2-A502AD038CD0} = {DF16DB5D-6A1F-49C4-B7E2-A502AD038CD0}
	EndProjectSection
EndProject
Global
	GlobalSection(SolutionConfigurationPlatforms) = preSolution
		Debug|Win32 = Debug|Win32
		Release|Win32 = Release|Win32
	EndGlobalSection
	GlobalSection(ProjectConfigurationPlatforms) = postSolution
		{D7CF44D8-356E-4F53-BAB3-B04F3C4DC05E}.Debug|Win32.ActiveCfg = Debug|Win32
		{D7CF44D8-356E-4F53-BAB3-B04F3C4DC05E}.Debug|Win32.Build.0 = Debug|Win32
		{D7CF44D8-356E-4F53-BAB3-B04F3C4DC05E}.Release|Win32.ActiveCfg = Release|Win32
		{D7CF44D8-356E-4F53-BAB3-B04F3C4DC05E}.Release|Win32.Build.0 = Release|Win32
		{8A5C6DD9-927F-4856-83DE-5898D4A267D7}.Debug|Win32.ActiveCfg = Debug|Win32
		{8A5C6DD9-927F-4856-83DE-5898D4A267D7}.Debug|Win32.Build.0 = Debug|Win32
		{8A5C6DD9-927F-4856-83DE-5898D4A267D7}.Release|Win32.ActiveCfg = Release|Win32
		{8A5C6DD9-927F-4856-83DE-5898D4A267D7}.Release|Win32.Build.0 = Release|Win32
		{6E216A27-BB16-4C15-8A27-4B1DA0CC2290}.Debug|Win32.ActiveCfg = Debug|Win32
		{6E216A27-BB16-4C15-8A27-4B1DA0CC2290}.Debug|Win32.Build.0 = Debug|Win32
		{6E216A27-BB16-4C15-8A27-4B1DA0CC2290}.Release|Win32.ActiveCfg = Release|Win32
		{6E216A27-BB16-4C15-8A27-4B1DA0CC2290}.Release|Win32.Build.0 = Release|Win32
		{C1A212EC-1787-488E-A754-8A7786BD65CD}.Debug|Win32.ActiveCfg = Debug|Win32
		{C1A212EC-1787-488E-A754-8A7786BD65CD}.Debug|Win32.Build.0 = Debug|Win32
		{C1A212EC-1787-488E-A754-8A7786BD65CD}.Release|Win32.ActiveCfg = Release|Win32
		{C1A212EC-1787-488E-A754-8A7786BD65CD}.Release|Win32.Build.0 = Release|Win32
		{39DE4ABF-D766-4E23-8385-264363E5BB24}.Debug|Win32.ActiveCfg = Debug|Win32
		{39DE4ABF-D766-4E23-8385-264363E5BB24}.Debug|Win32.Build.0 = Debug|Win32
		{39DE4ABF-D766-4E23-8385-264363E5BB24}.Release|Win32.ActiveCfg = Release|Win32
		{39DE4ABF-D766-4E23-8385-264363E5BB24}.Release|Win32.Build.0 = Release|Win32
		{955D7A1A-27B2-4BD2-8D46-7D63D1F5D99F}.Debug|Win32.ActiveCfg = Debug|Win32
		{955D7A1A-27B2-4BD2-8D46-7D63D1F5D99F}.Debug|Win32.Build.0 = Debug|Win32
		{955D7A1A-27B2-4BD2-8D46-7D63D1F5D99F}.Release|Win32.ActiveCfg = Release|Win32
		{955D7A1A-27B2-4BD2-8D46-7D63D1F5D99F}.Release|Win32.Build.0 = Release|Win32
		{6B20F15D-DA02-48E4-82BE-B0E683597A93}.Debug|Win32.ActiveCfg = Debug|Win32
		{6B20F15D-DA02-48E4-82BE-B0E683597A93}.Debug|Win32.Build.0 = Debug|Win32
		{6B20F15D-DA02-48E4-82BE-B0E683597A93}.Release|Win32.ActiveCfg = Release|Win32
		{6B20F15D-DA02-48E4-82BE-B0E683597A93}.Release|Win32.Build.0 = Release|Win32
		{3A0651FB-E192-4BBD-B9BC-F1FA098CE303}.Debug|Win32.ActiveCfg = Debug|Win32
		{3A0651FB-E192-4BBD-B9BC-F1FA098CE303}.Debug|Win32.Build.0 = Debug|Win32
		{3A0651FB-E192-4BBD-B9BC-F1FA098CE303}.Release|Win32.ActiveCfg = Release|Win32
		{3A0651FB-E192-4BBD-B9BC-F1FA098CE303}.Release|Win32.Build.0 = Release|Win32
		{DF16DB5D-6A1F-49C4-B7E2-A502AD038CD0}.Debug|Win32.ActiveCfg = Debug|Win32
		{DF16DB5D-6A1F-49C4-B7E2-A502AD038CD0}.Debug|Win32.Build.0 = Debug|Win32
		{DF16DB5D-6A1F-49C4-B7E2-A502AD038CD0}.Release|Win32.ActiveCfg = Release|Win32
		{DF16DB5D-6A1F-49C4-B7E2-A502AD038CD0}.Release|Win32.Build.0 = Release|Win32
		{54236C4C-C4D1-4319-926F-F1A23FDA7265}.Debug|Win32.ActiveCfg = Debug|Win32
		{54236C4C-C4D1-4319-926F-F1A23FDA7265}.Debug|Win32.Build.0 = Debug|Win32
		{54236C4C-C4D1-4319-926F-F1A23FDA7265}.Release|Win32.ActiveCfg = Release|Win32
		{54236C4C-C4D1-4319-926F-F1A23FDA7265}.Release|Win32.Build.0 = Release|Win32
		{D91C0F9B-41C8-468A-BE2E-617CA8B527DB}.Debug|Win32.ActiveCfg = Debug|Win32
		{D91C0F9B-41C8-468A-BE2E-617CA8B527DB}.Debug|Win32.Build.0 = Debug|Win32
		{D91C0F9B-41C8-468A-BE2E-617CA8B527DB}.Release|Win32.ActiveCfg = Release|Win32
		{D91C0F9B-41C8-468A-BE2E-617CA8B527DB}.Release|Win32.Build.0 = Release|Win32
	EndGlobalSection
	GlobalSection(SolutionProperties) = preSolution
		HideSolutionNode = FALSE
	EndGlobalSection
EndGlobal
