
Microsoft Visual Studio Solution File, Format Version 9.00
# Visual Studio 2005
Project("{8BC9CEB8-8B4A-11D0-8D11-00A0C91BC942}") = "ZTamarin", "ZTamarin.vcproj", "{75FFEEAA-EA73-41C3-AF7B-1BEA0BF507F4}"
EndProject
Project("{8BC9CEB8-8B4A-11D0-8D11-00A0C91BC942}") = "ZenCore", "..\..\build\MSVC8\Core\Core.vcproj", "{DF16DB5D-6A1F-49C4-B7E2-A502AD038CD0}"
EndProject
Project("{8BC9CEB8-8B4A-11D0-8D11-00A0C91BC942}") = "ZenEngine", "..\..\build\MSVC8\Engine\Engine.vcproj", "{54236C4C-C4D1-4319-926F-F1A23FDA7265}"
EndProject
Project("{2150E333-8FDC-42A3-9474-1A3956D46DE8}") = "Zen Frameworks", "Zen Frameworks", "{BB1F44C5-757B-4F3D-A72C-7592491DCA23}"
EndProject
Global
	GlobalSection(SolutionConfigurationPlatforms) = preSolution
		Debug|Win32 = Debug|Win32
		Release|Win32 = Release|Win32
	EndGlobalSection
	GlobalSection(ProjectConfigurationPlatforms) = postSolution
		{75FFEEAA-EA73-41C3-AF7B-1BEA0BF507F4}.Debug|Win32.ActiveCfg = Debug|Win32
		{75FFEEAA-EA73-41C3-AF7B-1BEA0BF507F4}.Debug|Win32.Build.0 = Debug|Win32
		{75FFEEAA-EA73-41C3-AF7B-1BEA0BF507F4}.Release|Win32.ActiveCfg = Release|Win32
		{75FFEEAA-EA73-41C3-AF7B-1BEA0BF507F4}.Release|Win32.Build.0 = Release|Win32
		{DF16DB5D-6A1F-49C4-B7E2-A502AD038CD0}.Debug|Win32.ActiveCfg = Debug|Win32
		{DF16DB5D-6A1F-49C4-B7E2-A502AD038CD0}.Debug|Win32.Build.0 = Debug|Win32
		{DF16DB5D-6A1F-49C4-B7E2-A502AD038CD0}.Release|Win32.ActiveCfg = Release|Win32
		{DF16DB5D-6A1F-49C4-B7E2-A502AD038CD0}.Release|Win32.Build.0 = Release|Win32
		{54236C4C-C4D1-4319-926F-F1A23FDA7265}.Debug|Win32.ActiveCfg = Debug|Win32
		{54236C4C-C4D1-4319-926F-F1A23FDA7265}.Debug|Win32.Build.0 = Debug|Win32
		{54236C4C-C4D1-4319-926F-F1A23FDA7265}.Release|Win32.ActiveCfg = Release|Win32
		{54236C4C-C4D1-4319-926F-F1A23FDA7265}.Release|Win32.Build.0 = Release|Win32
	EndGlobalSection
	GlobalSection(SolutionProperties) = preSolution
		HideSolutionNode = FALSE
	EndGlobalSection
	GlobalSection(NestedProjects) = preSolution
		{DF16DB5D-6A1F-49C4-B7E2-A502AD038CD0} = {BB1F44C5-757B-4F3D-A72C-7592491DCA23}
		{54236C4C-C4D1-4319-926F-F1A23FDA7265} = {BB1F44C5-757B-4F3D-A72C-7592491DCA23}
	EndGlobalSection
EndGlobal
