
Microsoft Visual Studio Solution File, Format Version 9.00
# Visual Studio 2005
Project("{8BC9CEB8-8B4A-11D0-8D11-00A0C91BC942}") = "BaseClient", "BaseClient\BaseClient.vcproj", "{6B20F15D-DA02-48E4-82BE-B0E683597A93}"
	ProjectSection(ProjectDependencies) = postProject
		{54236C4C-C4D1-4319-926F-F1A23FDA7265} = {54236C4C-C4D1-4319-926F-F1A23FDA7265}
		{DF16DB5D-6A1F-49C4-B7E2-A502AD038CD0} = {DF16DB5D-6A1F-49C4-B7E2-A502AD038CD0}
	EndProjectSection
EndProject
Project("{8BC9CEB8-8B4A-11D0-8D11-00A0C91BC942}") = "BaseServer", "BaseServer\BaseServer.vcproj", "{4D3CD516-A5BD-447A-A6D0-4168DC2D905B}"
EndProject
Project("{8BC9CEB8-8B4A-11D0-8D11-00A0C91BC942}") = "ZGameLoader", "ZGameLoader\ZGameLoader.vcproj", "{3A0651FB-E192-4BBD-B9BC-F1FA098CE303}"
	ProjectSection(ProjectDependencies) = postProject
		{6B20F15D-DA02-48E4-82BE-B0E683597A93} = {6B20F15D-DA02-48E4-82BE-B0E683597A93}
	EndProjectSection
EndProject
Project("{8BC9CEB8-8B4A-11D0-8D11-00A0C91BC942}") = "ZenServer", "ZenServer\ZenServer.vcproj", "{231FF667-AAD7-48D1-B90F-A421FA9343B1}"
	ProjectSection(ProjectDependencies) = postProject
		{DF16DB5D-6A1F-49C4-B7E2-A502AD038CD0} = {DF16DB5D-6A1F-49C4-B7E2-A502AD038CD0}
		{2FABABE6-4D34-4CA0-85EA-197440CDFA04} = {2FABABE6-4D34-4CA0-85EA-197440CDFA04}
	EndProjectSection
EndProject
Project("{8BC9CEB8-8B4A-11D0-8D11-00A0C91BC942}") = "ZenCore", "..\..\build\MSVC8\Core\Core.vcproj", "{DF16DB5D-6A1F-49C4-B7E2-A502AD038CD0}"
EndProject
Project("{8BC9CEB8-8B4A-11D0-8D11-00A0C91BC942}") = "ZenEngine", "..\..\build\MSVC8\Engine\Engine.vcproj", "{54236C4C-C4D1-4319-926F-F1A23FDA7265}"
	ProjectSection(ProjectDependencies) = postProject
		{DF16DB5D-6A1F-49C4-B7E2-A502AD038CD0} = {DF16DB5D-6A1F-49C4-B7E2-A502AD038CD0}
	EndProjectSection
EndProject
Project("{8BC9CEB8-8B4A-11D0-8D11-00A0C91BC942}") = "ZenEnterprise", "..\..\build\MSVC8\Enterprise\Enterprise.vcproj", "{2FABABE6-4D34-4CA0-85EA-197440CDFA04}"
	ProjectSection(ProjectDependencies) = postProject
		{DF16DB5D-6A1F-49C4-B7E2-A502AD038CD0} = {DF16DB5D-6A1F-49C4-B7E2-A502AD038CD0}
	EndProjectSection
EndProject
Project("{8BC9CEB8-8B4A-11D0-8D11-00A0C91BC942}") = "BaseCommon", "BaseCommon\BaseCommon.vcproj", "{D91C0F9B-41C8-468A-BE2E-617CA8B527DB}"
	ProjectSection(ProjectDependencies) = postProject
		{DF16DB5D-6A1F-49C4-B7E2-A502AD038CD0} = {DF16DB5D-6A1F-49C4-B7E2-A502AD038CD0}
		{54236C4C-C4D1-4319-926F-F1A23FDA7265} = {54236C4C-C4D1-4319-926F-F1A23FDA7265}
	EndProjectSection
EndProject
Global
	GlobalSection(SolutionConfigurationPlatforms) = preSolution
		Debug|Win32 = Debug|Win32
		Release|Win32 = Release|Win32
	EndGlobalSection
	GlobalSection(ProjectConfigurationPlatforms) = postSolution
		{6B20F15D-DA02-48E4-82BE-B0E683597A93}.Debug|Win32.ActiveCfg = Debug|Win32
		{6B20F15D-DA02-48E4-82BE-B0E683597A93}.Debug|Win32.Build.0 = Debug|Win32
		{6B20F15D-DA02-48E4-82BE-B0E683597A93}.Release|Win32.ActiveCfg = Release|Win32
		{6B20F15D-DA02-48E4-82BE-B0E683597A93}.Release|Win32.Build.0 = Release|Win32
		{4D3CD516-A5BD-447A-A6D0-4168DC2D905B}.Debug|Win32.ActiveCfg = Debug|Win32
		{4D3CD516-A5BD-447A-A6D0-4168DC2D905B}.Debug|Win32.Build.0 = Debug|Win32
		{4D3CD516-A5BD-447A-A6D0-4168DC2D905B}.Release|Win32.ActiveCfg = Release|Win32
		{4D3CD516-A5BD-447A-A6D0-4168DC2D905B}.Release|Win32.Build.0 = Release|Win32
		{3A0651FB-E192-4BBD-B9BC-F1FA098CE303}.Debug|Win32.ActiveCfg = Debug|Win32
		{3A0651FB-E192-4BBD-B9BC-F1FA098CE303}.Debug|Win32.Build.0 = Debug|Win32
		{3A0651FB-E192-4BBD-B9BC-F1FA098CE303}.Release|Win32.ActiveCfg = Release|Win32
		{3A0651FB-E192-4BBD-B9BC-F1FA098CE303}.Release|Win32.Build.0 = Release|Win32
		{231FF667-AAD7-48D1-B90F-A421FA9343B1}.Debug|Win32.ActiveCfg = Debug|Win32
		{231FF667-AAD7-48D1-B90F-A421FA9343B1}.Debug|Win32.Build.0 = Debug|Win32
		{231FF667-AAD7-48D1-B90F-A421FA9343B1}.Release|Win32.ActiveCfg = Release|Win32
		{231FF667-AAD7-48D1-B90F-A421FA9343B1}.Release|Win32.Build.0 = Release|Win32
		{DF16DB5D-6A1F-49C4-B7E2-A502AD038CD0}.Debug|Win32.ActiveCfg = Debug|Win32
		{DF16DB5D-6A1F-49C4-B7E2-A502AD038CD0}.Debug|Win32.Build.0 = Debug|Win32
		{DF16DB5D-6A1F-49C4-B7E2-A502AD038CD0}.Release|Win32.ActiveCfg = Release|Win32
		{DF16DB5D-6A1F-49C4-B7E2-A502AD038CD0}.Release|Win32.Build.0 = Release|Win32
		{54236C4C-C4D1-4319-926F-F1A23FDA7265}.Debug|Win32.ActiveCfg = Debug|Win32
		{54236C4C-C4D1-4319-926F-F1A23FDA7265}.Debug|Win32.Build.0 = Debug|Win32
		{54236C4C-C4D1-4319-926F-F1A23FDA7265}.Release|Win32.ActiveCfg = Release|Win32
		{54236C4C-C4D1-4319-926F-F1A23FDA7265}.Release|Win32.Build.0 = Release|Win32
		{2FABABE6-4D34-4CA0-85EA-197440CDFA04}.Debug|Win32.ActiveCfg = Debug|Win32
		{2FABABE6-4D34-4CA0-85EA-197440CDFA04}.Debug|Win32.Build.0 = Debug|Win32
		{2FABABE6-4D34-4CA0-85EA-197440CDFA04}.Release|Win32.ActiveCfg = Release|Win32
		{2FABABE6-4D34-4CA0-85EA-197440CDFA04}.Release|Win32.Build.0 = Release|Win32
		{D91C0F9B-41C8-468A-BE2E-617CA8B527DB}.Debug|Win32.ActiveCfg = Debug|Win32
		{D91C0F9B-41C8-468A-BE2E-617CA8B527DB}.Debug|Win32.Build.0 = Debug|Win32
		{D91C0F9B-41C8-468A-BE2E-617CA8B527DB}.Release|Win32.ActiveCfg = Release|Win32
		{D91C0F9B-41C8-468A-BE2E-617CA8B527DB}.Release|Win32.Build.0 = Release|Win32
	EndGlobalSection
	GlobalSection(SolutionProperties) = preSolution
		HideSolutionNode = FALSE
	EndGlobalSection
EndGlobal
