
Microsoft Visual Studio Solution File, Format Version 9.00
# Visual Studio 2005
Project("{8BC9CEB8-8B4A-11D0-8D11-00A0C91BC942}") = "Threading", "Threading\Threading.vcproj", "{731DEFC2-4F5F-42A7-97F6-2424D40D3814}"
EndProject
Project("{8BC9CEB8-8B4A-11D0-8D11-00A0C91BC942}") = "Memory", "Memory\Memory.vcproj", "{9260FA64-1815-487F-B5B7-11F8A166E32C}"
EndProject
Project("{8BC9CEB8-8B4A-11D0-8D11-00A0C91BC942}") = "Event", "Event\Event.vcproj", "{28D40B56-C86A-410F-81AD-94FEF2F96735}"
EndProject
Project("{8BC9CEB8-8B4A-11D0-8D11-00A0C91BC942}") = "Math", "Math\Math.vcproj", "{FE46025C-4155-4B5E-8A76-61D1E1907849}"
EndProject
Project("{8BC9CEB8-8B4A-11D0-8D11-00A0C91BC942}") = "Plugins", "Plugins\Plugins.vcproj", "{2EF5AA7B-D987-47B2-B526-D023D605F3C5}"
	ProjectSection(ProjectDependencies) = postProject
		{E272004B-280C-4FE1-81B0-9C10840B01D3} = {E272004B-280C-4FE1-81B0-9C10840B01D3}
		{731DEFC2-4F5F-42A7-97F6-2424D40D3814} = {731DEFC2-4F5F-42A7-97F6-2424D40D3814}
	EndProjectSection
EndProject
Project("{8BC9CEB8-8B4A-11D0-8D11-00A0C91BC942}") = "Scripting", "Scripting\Scripting.vcproj", "{A7181FEE-6309-4089-9009-84674B2CEC75}"
	ProjectSection(ProjectDependencies) = postProject
		{2EF5AA7B-D987-47B2-B526-D023D605F3C5} = {2EF5AA7B-D987-47B2-B526-D023D605F3C5}
	EndProjectSection
EndProject
Project("{8BC9CEB8-8B4A-11D0-8D11-00A0C91BC942}") = "Utility", "Utility\Utility.vcproj", "{E272004B-280C-4FE1-81B0-9C10840B01D3}"
EndProject
Global
	GlobalSection(SolutionConfigurationPlatforms) = preSolution
		Debug|Win32 = Debug|Win32
		Release|Win32 = Release|Win32
	EndGlobalSection
	GlobalSection(ProjectConfigurationPlatforms) = postSolution
		{731DEFC2-4F5F-42A7-97F6-2424D40D3814}.Debug|Win32.ActiveCfg = Debug|Win32
		{731DEFC2-4F5F-42A7-97F6-2424D40D3814}.Debug|Win32.Build.0 = Debug|Win32
		{731DEFC2-4F5F-42A7-97F6-2424D40D3814}.Release|Win32.ActiveCfg = Release|Win32
		{731DEFC2-4F5F-42A7-97F6-2424D40D3814}.Release|Win32.Build.0 = Release|Win32
		{9260FA64-1815-487F-B5B7-11F8A166E32C}.Debug|Win32.ActiveCfg = Debug|Win32
		{9260FA64-1815-487F-B5B7-11F8A166E32C}.Debug|Win32.Build.0 = Debug|Win32
		{9260FA64-1815-487F-B5B7-11F8A166E32C}.Release|Win32.ActiveCfg = Release|Win32
		{9260FA64-1815-487F-B5B7-11F8A166E32C}.Release|Win32.Build.0 = Release|Win32
		{28D40B56-C86A-410F-81AD-94FEF2F96735}.Debug|Win32.ActiveCfg = Debug|Win32
		{28D40B56-C86A-410F-81AD-94FEF2F96735}.Debug|Win32.Build.0 = Debug|Win32
		{28D40B56-C86A-410F-81AD-94FEF2F96735}.Release|Win32.ActiveCfg = Release|Win32
		{28D40B56-C86A-410F-81AD-94FEF2F96735}.Release|Win32.Build.0 = Release|Win32
		{FE46025C-4155-4B5E-8A76-61D1E1907849}.Debug|Win32.ActiveCfg = Debug|Win32
		{FE46025C-4155-4B5E-8A76-61D1E1907849}.Debug|Win32.Build.0 = Debug|Win32
		{FE46025C-4155-4B5E-8A76-61D1E1907849}.Release|Win32.ActiveCfg = Release|Win32
		{FE46025C-4155-4B5E-8A76-61D1E1907849}.Release|Win32.Build.0 = Release|Win32
		{2EF5AA7B-D987-47B2-B526-D023D605F3C5}.Debug|Win32.ActiveCfg = Debug|Win32
		{2EF5AA7B-D987-47B2-B526-D023D605F3C5}.Debug|Win32.Build.0 = Debug|Win32
		{2EF5AA7B-D987-47B2-B526-D023D605F3C5}.Release|Win32.ActiveCfg = Release|Win32
		{2EF5AA7B-D987-47B2-B526-D023D605F3C5}.Release|Win32.Build.0 = Release|Win32
		{A7181FEE-6309-4089-9009-84674B2CEC75}.Debug|Win32.ActiveCfg = Debug|Win32
		{A7181FEE-6309-4089-9009-84674B2CEC75}.Debug|Win32.Build.0 = Debug|Win32
		{A7181FEE-6309-4089-9009-84674B2CEC75}.Release|Win32.ActiveCfg = Release|Win32
		{A7181FEE-6309-4089-9009-84674B2CEC75}.Release|Win32.Build.0 = Release|Win32
		{E272004B-280C-4FE1-81B0-9C10840B01D3}.Debug|Win32.ActiveCfg = Debug|Win32
		{E272004B-280C-4FE1-81B0-9C10840B01D3}.Debug|Win32.Build.0 = Debug|Win32
		{E272004B-280C-4FE1-81B0-9C10840B01D3}.Release|Win32.ActiveCfg = Release|Win32
		{E272004B-280C-4FE1-81B0-9C10840B01D3}.Release|Win32.Build.0 = Release|Win32
	EndGlobalSection
	GlobalSection(SolutionProperties) = preSolution
		HideSolutionNode = FALSE
	EndGlobalSection
EndGlobal
