
Microsoft Visual Studio Solution File, Format Version 9.00
# Visual Studio 2005
Project("{8BC9CEB8-8B4A-11D0-8D11-00A0C91BC942}") = "ZeeBallClient", "ZeeBallClient\ZeeBallClient.vcproj", "{CF5342E2-60F6-4589-90C0-A49DD767C8FA}"
EndProject
Project("{8BC9CEB8-8B4A-11D0-8D11-00A0C91BC942}") = "ZeeBallServer", "ZeeBallServer\ZeeBallServer.vcproj", "{EB8A57A9-47C3-41FD-B3BC-BEDF2EAB8D03}"
EndProject
Project("{8BC9CEB8-8B4A-11D0-8D11-00A0C91BC942}") = "ZeeBallCommon", "ZeeBallCommon\ZeeBallCommon.vcproj", "{8019E095-4254-4A5A-8F0F-40B4EEAA565B}"
EndProject
Global
	GlobalSection(SolutionConfigurationPlatforms) = preSolution
		Debug|Win32 = Debug|Win32
		Release|Win32 = Release|Win32
	EndGlobalSection
	GlobalSection(ProjectConfigurationPlatforms) = postSolution
		{CF5342E2-60F6-4589-90C0-A49DD767C8FA}.Debug|Win32.ActiveCfg = Debug|Win32
		{CF5342E2-60F6-4589-90C0-A49DD767C8FA}.Debug|Win32.Build.0 = Debug|Win32
		{CF5342E2-60F6-4589-90C0-A49DD767C8FA}.Release|Win32.ActiveCfg = Release|Win32
		{CF5342E2-60F6-4589-90C0-A49DD767C8FA}.Release|Win32.Build.0 = Release|Win32
		{EB8A57A9-47C3-41FD-B3BC-BEDF2EAB8D03}.Debug|Win32.ActiveCfg = Debug|Win32
		{EB8A57A9-47C3-41FD-B3BC-BEDF2EAB8D03}.Debug|Win32.Build.0 = Debug|Win32
		{EB8A57A9-47C3-41FD-B3BC-BEDF2EAB8D03}.Release|Win32.ActiveCfg = Release|Win32
		{EB8A57A9-47C3-41FD-B3BC-BEDF2EAB8D03}.Release|Win32.Build.0 = Release|Win32
		{8019E095-4254-4A5A-8F0F-40B4EEAA565B}.Debug|Win32.ActiveCfg = Debug|Win32
		{8019E095-4254-4A5A-8F0F-40B4EEAA565B}.Debug|Win32.Build.0 = Debug|Win32
		{8019E095-4254-4A5A-8F0F-40B4EEAA565B}.Release|Win32.ActiveCfg = Release|Win32
		{8019E095-4254-4A5A-8F0F-40B4EEAA565B}.Release|Win32.Build.0 = Release|Win32
	EndGlobalSection
	GlobalSection(SolutionProperties) = preSolution
		HideSolutionNode = FALSE
	EndGlobalSection
EndGlobal
