
Microsoft Visual Studio Solution File, Format Version 9.00
# Visual Studio 2005
Project("{8BC9CEB8-8B4A-11D0-8D11-00A0C91BC942}") = "ZenStudio", "ZenStudio\ZenStudio.vcproj", "{F2067B47-0DE2-42B0-9564-EBEF5575C7A5}"
	ProjectSection(ProjectDependencies) = postProject
		{DF16DB5D-6A1F-49C4-B7E2-A502AD038CD0} = {DF16DB5D-6A1F-49C4-B7E2-A502AD038CD0}
		{237C905B-F047-46A3-9726-FC357F5664CD} = {237C905B-F047-46A3-9726-FC357F5664CD}
	EndProjectSection
EndProject
Project("{8BC9CEB8-8B4A-11D0-8D11-00A0C91BC942}") = "Workbench", "Workbench\Workbench.vcproj", "{237C905B-F047-46A3-9726-FC357F5664CD}"
	ProjectSection(ProjectDependencies) = postProject
		{2FABABE6-4D34-4CA0-85EA-197440CDFA04} = {2FABABE6-4D34-4CA0-85EA-197440CDFA04}
		{FE3B067E-C967-426D-95E4-E55D5DEDADD4} = {FE3B067E-C967-426D-95E4-E55D5DEDADD4}
		{DF16DB5D-6A1F-49C4-B7E2-A502AD038CD0} = {DF16DB5D-6A1F-49C4-B7E2-A502AD038CD0}
		{54236C4C-C4D1-4319-926F-F1A23FDA7265} = {54236C4C-C4D1-4319-926F-F1A23FDA7265}
	EndProjectSection
EndProject
Project("{8BC9CEB8-8B4A-11D0-8D11-00A0C91BC942}") = "WorldBuilder", "..\StudioPlugins\WorldBuilder\WorldBuilder.vcproj", "{3D988E0B-66C8-4F17-BFC3-FC37D4FE397A}"
	ProjectSection(ProjectDependencies) = postProject
		{237C905B-F047-46A3-9726-FC357F5664CD} = {237C905B-F047-46A3-9726-FC357F5664CD}
		{63A590F4-FF5A-4044-AADC-68EF81924A3B} = {63A590F4-FF5A-4044-AADC-68EF81924A3B}
		{42038B7F-9407-435D-B1A3-E187A7819F49} = {42038B7F-9407-435D-B1A3-E187A7819F49}
		{DF16DB5D-6A1F-49C4-B7E2-A502AD038CD0} = {DF16DB5D-6A1F-49C4-B7E2-A502AD038CD0}
		{FE3B067E-C967-426D-95E4-E55D5DEDADD4} = {FE3B067E-C967-426D-95E4-E55D5DEDADD4}
	EndProjectSection
EndProject
Project("{8BC9CEB8-8B4A-11D0-8D11-00A0C91BC942}") = "CPPTools", "..\StudioPlugins\CPPTools\CPPTools.vcproj", "{BD41DEA2-F467-403B-8FC5-C24B0BFE53C1}"
EndProject
Project("{8BC9CEB8-8B4A-11D0-8D11-00A0C91BC942}") = "RPGEditor", "..\StudioPlugins\RPGEditor\RPGEditor.vcproj", "{D6E58BBC-65B9-4FCB-8C92-F294D7B29349}"
EndProject
Project("{8BC9CEB8-8B4A-11D0-8D11-00A0C91BC942}") = "GameBuilder", "..\StudioPlugins\GameBuilder\GameBuilder.vcproj", "{AF387E00-3C56-4906-9BE8-E2BD385F6141}"
	ProjectSection(ProjectDependencies) = postProject
		{63A590F4-FF5A-4044-AADC-68EF81924A3B} = {63A590F4-FF5A-4044-AADC-68EF81924A3B}
		{2FABABE6-4D34-4CA0-85EA-197440CDFA04} = {2FABABE6-4D34-4CA0-85EA-197440CDFA04}
		{FE3B067E-C967-426D-95E4-E55D5DEDADD4} = {FE3B067E-C967-426D-95E4-E55D5DEDADD4}
		{DF16DB5D-6A1F-49C4-B7E2-A502AD038CD0} = {DF16DB5D-6A1F-49C4-B7E2-A502AD038CD0}
		{237C905B-F047-46A3-9726-FC357F5664CD} = {237C905B-F047-46A3-9726-FC357F5664CD}
	EndProjectSection
EndProject
Project("{8BC9CEB8-8B4A-11D0-8D11-00A0C91BC942}") = "ZSQLite", "..\plugins\ZSQLite\ZSQLite.vcproj", "{66476247-CB9A-4654-A480-051712FCD63D}"
	ProjectSection(ProjectDependencies) = postProject
		{2FABABE6-4D34-4CA0-85EA-197440CDFA04} = {2FABABE6-4D34-4CA0-85EA-197440CDFA04}
		{DF16DB5D-6A1F-49C4-B7E2-A502AD038CD0} = {DF16DB5D-6A1F-49C4-B7E2-A502AD038CD0}
	EndProjectSection
EndProject
Project("{8BC9CEB8-8B4A-11D0-8D11-00A0C91BC942}") = "GameBuilderCommon", "..\StudioPlugins\GameBuilderCommon\GameBuilderCommon.vcproj", "{63A590F4-FF5A-4044-AADC-68EF81924A3B}"
	ProjectSection(ProjectDependencies) = postProject
		{2FABABE6-4D34-4CA0-85EA-197440CDFA04} = {2FABABE6-4D34-4CA0-85EA-197440CDFA04}
		{FE3B067E-C967-426D-95E4-E55D5DEDADD4} = {FE3B067E-C967-426D-95E4-E55D5DEDADD4}
		{DF16DB5D-6A1F-49C4-B7E2-A502AD038CD0} = {DF16DB5D-6A1F-49C4-B7E2-A502AD038CD0}
	EndProjectSection
EndProject
Project("{8BC9CEB8-8B4A-11D0-8D11-00A0C91BC942}") = "GameBuilderServer", "..\StudioPlugins\GameBuilderServer\GameBuilderServer.vcproj", "{FD5E08FF-D0EF-4996-A187-DDC94A758EA2}"
	ProjectSection(ProjectDependencies) = postProject
		{0E2A6834-525C-46E9-ABE8-DA697A00EB09} = {0E2A6834-525C-46E9-ABE8-DA697A00EB09}
		{CD8FA2AA-47EB-43A5-83F6-C4270AD6D433} = {CD8FA2AA-47EB-43A5-83F6-C4270AD6D433}
		{63A590F4-FF5A-4044-AADC-68EF81924A3B} = {63A590F4-FF5A-4044-AADC-68EF81924A3B}
		{2FABABE6-4D34-4CA0-85EA-197440CDFA04} = {2FABABE6-4D34-4CA0-85EA-197440CDFA04}
		{AA8C42B2-0FFD-4AB2-B640-FE5BDC12D085} = {AA8C42B2-0FFD-4AB2-B640-FE5BDC12D085}
		{FE3B067E-C967-426D-95E4-E55D5DEDADD4} = {FE3B067E-C967-426D-95E4-E55D5DEDADD4}
		{DF16DB5D-6A1F-49C4-B7E2-A502AD038CD0} = {DF16DB5D-6A1F-49C4-B7E2-A502AD038CD0}
	EndProjectSection
EndProject
Project("{8BC9CEB8-8B4A-11D0-8D11-00A0C91BC942}") = "ZBoostNetworking", "..\plugins\ZBoostNetworking\ZBoostNetworking.vcproj", "{56DC183C-46C3-4B37-99DC-404C312829D7}"
	ProjectSection(ProjectDependencies) = postProject
		{2FABABE6-4D34-4CA0-85EA-197440CDFA04} = {2FABABE6-4D34-4CA0-85EA-197440CDFA04}
		{DF16DB5D-6A1F-49C4-B7E2-A502AD038CD0} = {DF16DB5D-6A1F-49C4-B7E2-A502AD038CD0}
	EndProjectSection
EndProject
Project("{8BC9CEB8-8B4A-11D0-8D11-00A0C91BC942}") = "ZenServer", "..\Starter\Base\ZenServer\ZenServer.vcproj", "{231FF667-AAD7-48D1-B90F-A421FA9343B1}"
	ProjectSection(ProjectDependencies) = postProject
		{2FABABE6-4D34-4CA0-85EA-197440CDFA04} = {2FABABE6-4D34-4CA0-85EA-197440CDFA04}
		{DF16DB5D-6A1F-49C4-B7E2-A502AD038CD0} = {DF16DB5D-6A1F-49C4-B7E2-A502AD038CD0}
	EndProjectSection
EndProject
Project("{2150E333-8FDC-42A3-9474-1A3956D46DE8}") = "Game Builder", "Game Builder", "{4C5C8A0E-A5EB-4442-8E65-C7E0910A0730}"
EndProject
Project("{8BC9CEB8-8B4A-11D0-8D11-00A0C91BC942}") = "GameBuilderClient", "..\StudioPlugins\GameBuilderClient\GameBuilderClient.vcproj", "{417ED9CF-CDAD-4754-90F7-9D6B7DB0F507}"
EndProject
Project("{8BC9CEB8-8B4A-11D0-8D11-00A0C91BC942}") = "GameBuilderProtocol", "..\StudioPlugins\GameBuilderProtocol\GameBuilderProtocol.vcproj", "{D3DC9BEA-763F-4038-A0D3-EEDB193271DE}"
	ProjectSection(ProjectDependencies) = postProject
		{2FABABE6-4D34-4CA0-85EA-197440CDFA04} = {2FABABE6-4D34-4CA0-85EA-197440CDFA04}
		{DF16DB5D-6A1F-49C4-B7E2-A502AD038CD0} = {DF16DB5D-6A1F-49C4-B7E2-A502AD038CD0}
	EndProjectSection
EndProject
Project("{2150E333-8FDC-42A3-9474-1A3956D46DE8}") = "Workbench", "Workbench", "{5B497FBD-C379-4801-AF02-733498BBF896}"
EndProject
Project("{8BC9CEB8-8B4A-11D0-8D11-00A0C91BC942}") = "WorkbenchCommon", "WorkbenchCommon\WorkbenchCommon.vcproj", "{FE3B067E-C967-426D-95E4-E55D5DEDADD4}"
	ProjectSection(ProjectDependencies) = postProject
		{2FABABE6-4D34-4CA0-85EA-197440CDFA04} = {2FABABE6-4D34-4CA0-85EA-197440CDFA04}
		{DF16DB5D-6A1F-49C4-B7E2-A502AD038CD0} = {DF16DB5D-6A1F-49C4-B7E2-A502AD038CD0}
	EndProjectSection
EndProject
Project("{8BC9CEB8-8B4A-11D0-8D11-00A0C91BC942}") = "WorkbenchProtocol", "WorkbenchProtocol\WorkbenchProtocol.vcproj", "{E044525A-D4F5-4937-9286-9B7AE6E76522}"
	ProjectSection(ProjectDependencies) = postProject
		{2FABABE6-4D34-4CA0-85EA-197440CDFA04} = {2FABABE6-4D34-4CA0-85EA-197440CDFA04}
		{DF16DB5D-6A1F-49C4-B7E2-A502AD038CD0} = {DF16DB5D-6A1F-49C4-B7E2-A502AD038CD0}
	EndProjectSection
EndProject
Project("{8BC9CEB8-8B4A-11D0-8D11-00A0C91BC942}") = "WorkbenchServer", "WorkbenchServer\WorkbenchServer.vcproj", "{7923D0CC-F78B-4D7E-8128-AD5628EB7D2D}"
	ProjectSection(ProjectDependencies) = postProject
		{2FABABE6-4D34-4CA0-85EA-197440CDFA04} = {2FABABE6-4D34-4CA0-85EA-197440CDFA04}
		{AA8C42B2-0FFD-4AB2-B640-FE5BDC12D085} = {AA8C42B2-0FFD-4AB2-B640-FE5BDC12D085}
		{CD8FA2AA-47EB-43A5-83F6-C4270AD6D433} = {CD8FA2AA-47EB-43A5-83F6-C4270AD6D433}
		{FE3B067E-C967-426D-95E4-E55D5DEDADD4} = {FE3B067E-C967-426D-95E4-E55D5DEDADD4}
		{DF16DB5D-6A1F-49C4-B7E2-A502AD038CD0} = {DF16DB5D-6A1F-49C4-B7E2-A502AD038CD0}
		{E044525A-D4F5-4937-9286-9B7AE6E76522} = {E044525A-D4F5-4937-9286-9B7AE6E76522}
	EndProjectSection
EndProject
Project("{8BC9CEB8-8B4A-11D0-8D11-00A0C91BC942}") = "WorkbenchClient", "WorkbenchClient\WorkbenchClient.vcproj", "{0A1574E6-B0C9-4BD3-AC21-3EB6C0628CF9}"
EndProject
Project("{2150E333-8FDC-42A3-9474-1A3956D46DE8}") = "CPPTools", "CPPTools", "{E85BFD4D-52DA-40DA-BAB5-8E7D9FD87DF8}"
EndProject
Project("{2150E333-8FDC-42A3-9474-1A3956D46DE8}") = "RPG Builder", "RPG Builder", "{50EE979D-54B0-4EE8-8C3C-0A095AFF76B3}"
EndProject
Project("{2150E333-8FDC-42A3-9474-1A3956D46DE8}") = "Zen Frameworks", "Zen Frameworks", "{1420667E-09EC-49A9-92E8-AB99701A48E3}"
EndProject
Project("{2150E333-8FDC-42A3-9474-1A3956D46DE8}") = "World Builder", "World Builder", "{0A0CADEB-4C93-4572-AA12-43CFA1E45D8B}"
EndProject
Project("{8BC9CEB8-8B4A-11D0-8D11-00A0C91BC942}") = "ZenCore", "..\build\MSVC8\Core\Core.vcproj", "{DF16DB5D-6A1F-49C4-B7E2-A502AD038CD0}"
EndProject
Project("{8BC9CEB8-8B4A-11D0-8D11-00A0C91BC942}") = "ZenEngine", "..\build\MSVC8\Engine\Engine.vcproj", "{54236C4C-C4D1-4319-926F-F1A23FDA7265}"
	ProjectSection(ProjectDependencies) = postProject
		{DF16DB5D-6A1F-49C4-B7E2-A502AD038CD0} = {DF16DB5D-6A1F-49C4-B7E2-A502AD038CD0}
	EndProjectSection
EndProject
Project("{8BC9CEB8-8B4A-11D0-8D11-00A0C91BC942}") = "ZenEnterprise", "..\build\MSVC8\Enterprise\Enterprise.vcproj", "{2FABABE6-4D34-4CA0-85EA-197440CDFA04}"
	ProjectSection(ProjectDependencies) = postProject
		{DF16DB5D-6A1F-49C4-B7E2-A502AD038CD0} = {DF16DB5D-6A1F-49C4-B7E2-A502AD038CD0}
	EndProjectSection
EndProject
Project("{2150E333-8FDC-42A3-9474-1A3956D46DE8}") = "Community", "Community", "{1F6FC61E-DDA7-4604-B7A1-EC07038B277F}"
EndProject
Project("{2150E333-8FDC-42A3-9474-1A3956D46DE8}") = "Other", "Other", "{6D09CB66-A03E-4B17-93EA-93DBBD38ECE6}"
EndProject
Project("{2150E333-8FDC-42A3-9474-1A3956D46DE8}") = "Spaces", "Spaces", "{C6CE6C38-BA7F-4584-A1ED-071C2402D04D}"
EndProject
Project("{8BC9CEB8-8B4A-11D0-8D11-00A0C91BC942}") = "ObjectModel", "..\Spaces\ObjectModel\ObjectModel.vcproj", "{CD8FA2AA-47EB-43A5-83F6-C4270AD6D433}"
EndProject
Project("{8BC9CEB8-8B4A-11D0-8D11-00A0C91BC942}") = "ServiceRegistryClient", "..\Spaces\ServiceRegistryClient\ServiceRegistryClient.vcproj", "{177FB0E2-DB8D-47ED-9113-B3F7ACDAA7C7}"
EndProject
Project("{2150E333-8FDC-42A3-9474-1A3956D46DE8}") = "Service Registry", "Service Registry", "{3F478BC6-4416-473A-9CB1-90A7D9D7AD8E}"
EndProject
Project("{8BC9CEB8-8B4A-11D0-8D11-00A0C91BC942}") = "ServiceRegistryCommon", "..\Spaces\ServiceRegistryCommon\ServiceRegistryCommon.vcproj", "{0073DA1F-E831-4137-833B-7CB1E5D13F40}"
	ProjectSection(ProjectDependencies) = postProject
		{2FABABE6-4D34-4CA0-85EA-197440CDFA04} = {2FABABE6-4D34-4CA0-85EA-197440CDFA04}
		{DF16DB5D-6A1F-49C4-B7E2-A502AD038CD0} = {DF16DB5D-6A1F-49C4-B7E2-A502AD038CD0}
	EndProjectSection
EndProject
Project("{8BC9CEB8-8B4A-11D0-8D11-00A0C91BC942}") = "ServiceRegistryServer", "..\Spaces\ServiceRegistryServer\ServiceRegistryServer.vcproj", "{B543DCA8-399F-45AA-A71F-81E4156182F7}"
	ProjectSection(ProjectDependencies) = postProject
		{2FABABE6-4D34-4CA0-85EA-197440CDFA04} = {2FABABE6-4D34-4CA0-85EA-197440CDFA04}
		{DF16DB5D-6A1F-49C4-B7E2-A502AD038CD0} = {DF16DB5D-6A1F-49C4-B7E2-A502AD038CD0}
		{3742765B-AAD7-42B1-AC94-4FEFEB20B812} = {3742765B-AAD7-42B1-AC94-4FEFEB20B812}
		{0073DA1F-E831-4137-833B-7CB1E5D13F40} = {0073DA1F-E831-4137-833B-7CB1E5D13F40}
	EndProjectSection
EndProject
Project("{8BC9CEB8-8B4A-11D0-8D11-00A0C91BC942}") = "GenericProtocol", "..\Spaces\GenericProtocol\GenericProtocol.vcproj", "{A535BC5E-6EAF-4611-90E6-F4A8D96A6940}"
	ProjectSection(ProjectDependencies) = postProject
		{2FABABE6-4D34-4CA0-85EA-197440CDFA04} = {2FABABE6-4D34-4CA0-85EA-197440CDFA04}
		{DF16DB5D-6A1F-49C4-B7E2-A502AD038CD0} = {DF16DB5D-6A1F-49C4-B7E2-A502AD038CD0}
	EndProjectSection
EndProject
Project("{2150E333-8FDC-42A3-9474-1A3956D46DE8}") = "Chat", "Chat", "{DC703A17-E889-43F6-AE95-173B6739EDDE}"
EndProject
Project("{8BC9CEB8-8B4A-11D0-8D11-00A0C91BC942}") = "ChatClient", "..\Community\ChatClient\ChatClient.vcproj", "{F349682B-ACA7-4195-8583-DFFBEE2CB404}"
	ProjectSection(ProjectDependencies) = postProject
		{2FABABE6-4D34-4CA0-85EA-197440CDFA04} = {2FABABE6-4D34-4CA0-85EA-197440CDFA04}
		{899DA9C2-F92F-4659-BCD7-7F734367B7B8} = {899DA9C2-F92F-4659-BCD7-7F734367B7B8}
		{DF16DB5D-6A1F-49C4-B7E2-A502AD038CD0} = {DF16DB5D-6A1F-49C4-B7E2-A502AD038CD0}
		{4FBD452E-5F9C-4669-B59D-E9311EE6CE49} = {4FBD452E-5F9C-4669-B59D-E9311EE6CE49}
	EndProjectSection
EndProject
Project("{8BC9CEB8-8B4A-11D0-8D11-00A0C91BC942}") = "ChatCommon", "..\Community\ChatCommon\ChatCommon.vcproj", "{899DA9C2-F92F-4659-BCD7-7F734367B7B8}"
	ProjectSection(ProjectDependencies) = postProject
		{2FABABE6-4D34-4CA0-85EA-197440CDFA04} = {2FABABE6-4D34-4CA0-85EA-197440CDFA04}
		{CD8FA2AA-47EB-43A5-83F6-C4270AD6D433} = {CD8FA2AA-47EB-43A5-83F6-C4270AD6D433}
		{DF16DB5D-6A1F-49C4-B7E2-A502AD038CD0} = {DF16DB5D-6A1F-49C4-B7E2-A502AD038CD0}
	EndProjectSection
EndProject
Project("{8BC9CEB8-8B4A-11D0-8D11-00A0C91BC942}") = "ChatProtocol", "..\Community\ChatProtocol\ChatProtocol.vcproj", "{4FBD452E-5F9C-4669-B59D-E9311EE6CE49}"
EndProject
Project("{8BC9CEB8-8B4A-11D0-8D11-00A0C91BC942}") = "ChatServer", "..\Community\ChatServer\ChatServer.vcproj", "{6951B904-4423-4D85-9801-9DD186A045FA}"
	ProjectSection(ProjectDependencies) = postProject
		{899DA9C2-F92F-4659-BCD7-7F734367B7B8} = {899DA9C2-F92F-4659-BCD7-7F734367B7B8}
		{DF16DB5D-6A1F-49C4-B7E2-A502AD038CD0} = {DF16DB5D-6A1F-49C4-B7E2-A502AD038CD0}
	EndProjectSection
EndProject
Project("{8BC9CEB8-8B4A-11D0-8D11-00A0C91BC942}") = "WorldBuilderClient", "..\StudioPlugins\WorldBuilderClient\WorldBuilderClient.vcproj", "{2E13273F-AC78-450E-AA0F-4EE4080DE4E2}"
EndProject
Project("{8BC9CEB8-8B4A-11D0-8D11-00A0C91BC942}") = "WorldBuilderServer", "..\StudioPlugins\WorldBuilderServer\WorldBuilderServer.vcproj", "{D3A0BA32-64BF-43D1-8785-C4D10EF4FEBD}"
	ProjectSection(ProjectDependencies) = postProject
		{2FABABE6-4D34-4CA0-85EA-197440CDFA04} = {2FABABE6-4D34-4CA0-85EA-197440CDFA04}
		{30C2EFB6-58FF-4BF2-9C7F-D3AE22BFD548} = {30C2EFB6-58FF-4BF2-9C7F-D3AE22BFD548}
		{42038B7F-9407-435D-B1A3-E187A7819F49} = {42038B7F-9407-435D-B1A3-E187A7819F49}
		{FE3B067E-C967-426D-95E4-E55D5DEDADD4} = {FE3B067E-C967-426D-95E4-E55D5DEDADD4}
		{DF16DB5D-6A1F-49C4-B7E2-A502AD038CD0} = {DF16DB5D-6A1F-49C4-B7E2-A502AD038CD0}
		{54236C4C-C4D1-4319-926F-F1A23FDA7265} = {54236C4C-C4D1-4319-926F-F1A23FDA7265}
	EndProjectSection
EndProject
Project("{8BC9CEB8-8B4A-11D0-8D11-00A0C91BC942}") = "WorldBuilderCommon", "..\StudioPlugins\WorldBuilderCommon\WorldBuilderCommon.vcproj", "{42038B7F-9407-435D-B1A3-E187A7819F49}"
	ProjectSection(ProjectDependencies) = postProject
		{2FABABE6-4D34-4CA0-85EA-197440CDFA04} = {2FABABE6-4D34-4CA0-85EA-197440CDFA04}
		{FE3B067E-C967-426D-95E4-E55D5DEDADD4} = {FE3B067E-C967-426D-95E4-E55D5DEDADD4}
		{DF16DB5D-6A1F-49C4-B7E2-A502AD038CD0} = {DF16DB5D-6A1F-49C4-B7E2-A502AD038CD0}
	EndProjectSection
EndProject
Project("{8BC9CEB8-8B4A-11D0-8D11-00A0C91BC942}") = "WorldBuilderProtocol", "..\StudioPlugins\WorldBuilderProtocol\WorldBuilderProtocol.vcproj", "{30F51297-015F-4015-9966-24A36FCB272F}"
EndProject
Project("{8BC9CEB8-8B4A-11D0-8D11-00A0C91BC942}") = "ZBasicCommandLineParser", "..\plugins\ZBasicCommandLineParser\ZBasicCommandLineParser.vcproj", "{0923E53B-A1E6-4C3F-8763-D854F7B486A7}"
	ProjectSection(ProjectDependencies) = postProject
		{DF16DB5D-6A1F-49C4-B7E2-A502AD038CD0} = {DF16DB5D-6A1F-49C4-B7E2-A502AD038CD0}
		{54236C4C-C4D1-4319-926F-F1A23FDA7265} = {54236C4C-C4D1-4319-926F-F1A23FDA7265}
	EndProjectSection
EndProject
Project("{8BC9CEB8-8B4A-11D0-8D11-00A0C91BC942}") = "ZBasicConsole", "..\plugins\ZBasicConsole\ZBasicConsole.vcproj", "{2D98663C-C982-4CF3-A4CB-B1991B13930F}"
	ProjectSection(ProjectDependencies) = postProject
		{DF16DB5D-6A1F-49C4-B7E2-A502AD038CD0} = {DF16DB5D-6A1F-49C4-B7E2-A502AD038CD0}
		{54236C4C-C4D1-4319-926F-F1A23FDA7265} = {54236C4C-C4D1-4319-926F-F1A23FDA7265}
	EndProjectSection
EndProject
Project("{8BC9CEB8-8B4A-11D0-8D11-00A0C91BC942}") = "ServiceRegistryProtocol", "..\Spaces\ServiceRegistryProtocol\ServiceRegistryProtocol.vcproj", "{3742765B-AAD7-42B1-AC94-4FEFEB20B812}"
	ProjectSection(ProjectDependencies) = postProject
		{2FABABE6-4D34-4CA0-85EA-197440CDFA04} = {2FABABE6-4D34-4CA0-85EA-197440CDFA04}
		{DF16DB5D-6A1F-49C4-B7E2-A502AD038CD0} = {DF16DB5D-6A1F-49C4-B7E2-A502AD038CD0}
	EndProjectSection
EndProject
Project("{8BC9CEB8-8B4A-11D0-8D11-00A0C91BC942}") = "WorkbenchModel", "WorkbenchModel\WorkbenchModel.vcproj", "{AA8C42B2-0FFD-4AB2-B640-FE5BDC12D085}"
	ProjectSection(ProjectDependencies) = postProject
		{2FABABE6-4D34-4CA0-85EA-197440CDFA04} = {2FABABE6-4D34-4CA0-85EA-197440CDFA04}
		{CD8FA2AA-47EB-43A5-83F6-C4270AD6D433} = {CD8FA2AA-47EB-43A5-83F6-C4270AD6D433}
		{DF16DB5D-6A1F-49C4-B7E2-A502AD038CD0} = {DF16DB5D-6A1F-49C4-B7E2-A502AD038CD0}
	EndProjectSection
EndProject
Project("{8BC9CEB8-8B4A-11D0-8D11-00A0C91BC942}") = "GameBuilderModel", "..\StudioPlugins\GameBuilderModel\GameBuilderModel.vcproj", "{0E2A6834-525C-46E9-ABE8-DA697A00EB09}"
	ProjectSection(ProjectDependencies) = postProject
		{2FABABE6-4D34-4CA0-85EA-197440CDFA04} = {2FABABE6-4D34-4CA0-85EA-197440CDFA04}
		{DF16DB5D-6A1F-49C4-B7E2-A502AD038CD0} = {DF16DB5D-6A1F-49C4-B7E2-A502AD038CD0}
	EndProjectSection
EndProject
Project("{8BC9CEB8-8B4A-11D0-8D11-00A0C91BC942}") = "WorldBuilderModel", "..\StudioPlugins\WorldBuilderModel\WorldBuilderModel.vcproj", "{30C2EFB6-58FF-4BF2-9C7F-D3AE22BFD548}"
	ProjectSection(ProjectDependencies) = postProject
		{2FABABE6-4D34-4CA0-85EA-197440CDFA04} = {2FABABE6-4D34-4CA0-85EA-197440CDFA04}
		{DF16DB5D-6A1F-49C4-B7E2-A502AD038CD0} = {DF16DB5D-6A1F-49C4-B7E2-A502AD038CD0}
	EndProjectSection
EndProject
Project("{8BC9CEB8-8B4A-11D0-8D11-00A0C91BC942}") = "ZOgre", "..\plugins\ZOgre\ZOgre.vcproj", "{39DE4ABF-D766-4E23-8385-264363E5BB24}"
	ProjectSection(ProjectDependencies) = postProject
		{54236C4C-C4D1-4319-926F-F1A23FDA7265} = {54236C4C-C4D1-4319-926F-F1A23FDA7265}
		{DF16DB5D-6A1F-49C4-B7E2-A502AD038CD0} = {DF16DB5D-6A1F-49C4-B7E2-A502AD038CD0}
	EndProjectSection
EndProject
Project("{2150E333-8FDC-42A3-9474-1A3956D46DE8}") = "Art Library", "Art Library", "{69A54D2D-0356-455F-A075-728DFC6CBE8F}"
EndProject
Project("{8BC9CEB8-8B4A-11D0-8D11-00A0C91BC942}") = "ArtLibrary", "..\StudioPlugins\ArtLibrary\ArtLibrary.vcproj", "{AD106E8A-221F-46EE-8BBC-C71136729873}"
	ProjectSection(ProjectDependencies) = postProject
		{FA8B093B-261E-4F8A-95E6-82AD6AB95740} = {FA8B093B-261E-4F8A-95E6-82AD6AB95740}
		{237C905B-F047-46A3-9726-FC357F5664CD} = {237C905B-F047-46A3-9726-FC357F5664CD}
		{FE3B067E-C967-426D-95E4-E55D5DEDADD4} = {FE3B067E-C967-426D-95E4-E55D5DEDADD4}
		{DF16DB5D-6A1F-49C4-B7E2-A502AD038CD0} = {DF16DB5D-6A1F-49C4-B7E2-A502AD038CD0}
		{63A590F4-FF5A-4044-AADC-68EF81924A3B} = {63A590F4-FF5A-4044-AADC-68EF81924A3B}
	EndProjectSection
EndProject
Project("{8BC9CEB8-8B4A-11D0-8D11-00A0C91BC942}") = "ArtLibraryCommon", "..\StudioPlugins\ArtLibraryCommon\ArtLibraryCommon.vcproj", "{FA8B093B-261E-4F8A-95E6-82AD6AB95740}"
	ProjectSection(ProjectDependencies) = postProject
		{FE3B067E-C967-426D-95E4-E55D5DEDADD4} = {FE3B067E-C967-426D-95E4-E55D5DEDADD4}
		{DF16DB5D-6A1F-49C4-B7E2-A502AD038CD0} = {DF16DB5D-6A1F-49C4-B7E2-A502AD038CD0}
	EndProjectSection
EndProject
Project("{8BC9CEB8-8B4A-11D0-8D11-00A0C91BC942}") = "ArtLibraryModel", "..\StudioPlugins\ArtLibraryModel\ArtLibraryModel.vcproj", "{899364F8-ED13-4538-AD57-EC6686BCC369}"
	ProjectSection(ProjectDependencies) = postProject
		{2FABABE6-4D34-4CA0-85EA-197440CDFA04} = {2FABABE6-4D34-4CA0-85EA-197440CDFA04}
		{DF16DB5D-6A1F-49C4-B7E2-A502AD038CD0} = {DF16DB5D-6A1F-49C4-B7E2-A502AD038CD0}
	EndProjectSection
EndProject
Project("{8BC9CEB8-8B4A-11D0-8D11-00A0C91BC942}") = "ArtLibraryProtocol", "..\StudioPlugins\ArtLibraryProtocol\ArtLibraryProtocol.vcproj", "{93A81204-1983-4554-B4CA-52621B09D92D}"
EndProject
Project("{8BC9CEB8-8B4A-11D0-8D11-00A0C91BC942}") = "ArtLibraryClient", "..\StudioPlugins\ArtLibraryClient\ArtLibraryClient.vcproj", "{B8BFF5AA-4DC8-45E0-9104-729B70F88FA2}"
EndProject
Project("{8BC9CEB8-8B4A-11D0-8D11-00A0C91BC942}") = "ArtLibraryServer", "..\StudioPlugins\ArtLibraryServer\ArtLibraryServer.vcproj", "{4392AEB0-A40B-4841-8403-948184FCCF96}"
	ProjectSection(ProjectDependencies) = postProject
		{FA8B093B-261E-4F8A-95E6-82AD6AB95740} = {FA8B093B-261E-4F8A-95E6-82AD6AB95740}
		{899364F8-ED13-4538-AD57-EC6686BCC369} = {899364F8-ED13-4538-AD57-EC6686BCC369}
		{FE3B067E-C967-426D-95E4-E55D5DEDADD4} = {FE3B067E-C967-426D-95E4-E55D5DEDADD4}
		{DF16DB5D-6A1F-49C4-B7E2-A502AD038CD0} = {DF16DB5D-6A1F-49C4-B7E2-A502AD038CD0}
	EndProjectSection
EndProject
Project("{2150E333-8FDC-42A3-9474-1A3956D46DE8}") = "Session", "Session", "{BD463C58-1EC9-4BF6-BB28-390B2D3411BE}"
EndProject
Project("{8BC9CEB8-8B4A-11D0-8D11-00A0C91BC942}") = "SessionClient", "..\Community\SessionClient\SessionClient.vcproj", "{C3DD1A92-819E-46E2-A2B6-C658DDEF11DA}"
	ProjectSection(ProjectDependencies) = postProject
		{D2DAF405-B1F0-4790-BB1D-879E48D18DC5} = {D2DAF405-B1F0-4790-BB1D-879E48D18DC5}
		{6312CE2C-D362-4219-88A7-ABE7E93A99BD} = {6312CE2C-D362-4219-88A7-ABE7E93A99BD}
		{DF16DB5D-6A1F-49C4-B7E2-A502AD038CD0} = {DF16DB5D-6A1F-49C4-B7E2-A502AD038CD0}
		{2FABABE6-4D34-4CA0-85EA-197440CDFA04} = {2FABABE6-4D34-4CA0-85EA-197440CDFA04}
	EndProjectSection
EndProject
Project("{8BC9CEB8-8B4A-11D0-8D11-00A0C91BC942}") = "SessionCommon", "..\Community\SessionCommon\SessionCommon.vcproj", "{D2DAF405-B1F0-4790-BB1D-879E48D18DC5}"
	ProjectSection(ProjectDependencies) = postProject
		{2FABABE6-4D34-4CA0-85EA-197440CDFA04} = {2FABABE6-4D34-4CA0-85EA-197440CDFA04}
		{DF16DB5D-6A1F-49C4-B7E2-A502AD038CD0} = {DF16DB5D-6A1F-49C4-B7E2-A502AD038CD0}
	EndProjectSection
EndProject
Project("{8BC9CEB8-8B4A-11D0-8D11-00A0C91BC942}") = "SessionProtocol", "..\Community\SessionProtocol\SessionProtocol.vcproj", "{6312CE2C-D362-4219-88A7-ABE7E93A99BD}"
	ProjectSection(ProjectDependencies) = postProject
		{2FABABE6-4D34-4CA0-85EA-197440CDFA04} = {2FABABE6-4D34-4CA0-85EA-197440CDFA04}
		{DF16DB5D-6A1F-49C4-B7E2-A502AD038CD0} = {DF16DB5D-6A1F-49C4-B7E2-A502AD038CD0}
	EndProjectSection
EndProject
Project("{8BC9CEB8-8B4A-11D0-8D11-00A0C91BC942}") = "SessionServer", "..\Community\SessionServer\SessionServer.vcproj", "{185862E2-887A-43EB-A9C9-B253C30800B1}"
	ProjectSection(ProjectDependencies) = postProject
		{D2DAF405-B1F0-4790-BB1D-879E48D18DC5} = {D2DAF405-B1F0-4790-BB1D-879E48D18DC5}
		{6312CE2C-D362-4219-88A7-ABE7E93A99BD} = {6312CE2C-D362-4219-88A7-ABE7E93A99BD}
		{DF16DB5D-6A1F-49C4-B7E2-A502AD038CD0} = {DF16DB5D-6A1F-49C4-B7E2-A502AD038CD0}
		{2FABABE6-4D34-4CA0-85EA-197440CDFA04} = {2FABABE6-4D34-4CA0-85EA-197440CDFA04}
	EndProjectSection
EndProject
Project("{8BC9CEB8-8B4A-11D0-8D11-00A0C91BC942}") = "Languages", "LanguageCommon\LanguageCommon.vcproj", "{424EAFF2-E4AC-40A8-88DC-6624D0D43BB1}"
EndProject
Global
	GlobalSection(SolutionConfigurationPlatforms) = preSolution
		Debug|Win32 = Debug|Win32
		Release|Win32 = Release|Win32
	EndGlobalSection
	GlobalSection(ProjectConfigurationPlatforms) = postSolution
		{F2067B47-0DE2-42B0-9564-EBEF5575C7A5}.Debug|Win32.ActiveCfg = Debug|Win32
		{F2067B47-0DE2-42B0-9564-EBEF5575C7A5}.Debug|Win32.Build.0 = Debug|Win32
		{F2067B47-0DE2-42B0-9564-EBEF5575C7A5}.Release|Win32.ActiveCfg = Release|Win32
		{F2067B47-0DE2-42B0-9564-EBEF5575C7A5}.Release|Win32.Build.0 = Release|Win32
		{237C905B-F047-46A3-9726-FC357F5664CD}.Debug|Win32.ActiveCfg = Debug|Win32
		{237C905B-F047-46A3-9726-FC357F5664CD}.Debug|Win32.Build.0 = Debug|Win32
		{237C905B-F047-46A3-9726-FC357F5664CD}.Release|Win32.ActiveCfg = Release|Win32
		{237C905B-F047-46A3-9726-FC357F5664CD}.Release|Win32.Build.0 = Release|Win32
		{3D988E0B-66C8-4F17-BFC3-FC37D4FE397A}.Debug|Win32.ActiveCfg = Debug|Win32
		{3D988E0B-66C8-4F17-BFC3-FC37D4FE397A}.Debug|Win32.Build.0 = Debug|Win32
		{3D988E0B-66C8-4F17-BFC3-FC37D4FE397A}.Release|Win32.ActiveCfg = Release|Win32
		{3D988E0B-66C8-4F17-BFC3-FC37D4FE397A}.Release|Win32.Build.0 = Release|Win32
		{BD41DEA2-F467-403B-8FC5-C24B0BFE53C1}.Debug|Win32.ActiveCfg = Debug|Win32
		{BD41DEA2-F467-403B-8FC5-C24B0BFE53C1}.Debug|Win32.Build.0 = Debug|Win32
		{BD41DEA2-F467-403B-8FC5-C24B0BFE53C1}.Release|Win32.ActiveCfg = Release|Win32
		{BD41DEA2-F467-403B-8FC5-C24B0BFE53C1}.Release|Win32.Build.0 = Release|Win32
		{D6E58BBC-65B9-4FCB-8C92-F294D7B29349}.Debug|Win32.ActiveCfg = Debug|Win32
		{D6E58BBC-65B9-4FCB-8C92-F294D7B29349}.Debug|Win32.Build.0 = Debug|Win32
		{D6E58BBC-65B9-4FCB-8C92-F294D7B29349}.Release|Win32.ActiveCfg = Release|Win32
		{D6E58BBC-65B9-4FCB-8C92-F294D7B29349}.Release|Win32.Build.0 = Release|Win32
		{AF387E00-3C56-4906-9BE8-E2BD385F6141}.Debug|Win32.ActiveCfg = Debug|Win32
		{AF387E00-3C56-4906-9BE8-E2BD385F6141}.Debug|Win32.Build.0 = Debug|Win32
		{AF387E00-3C56-4906-9BE8-E2BD385F6141}.Release|Win32.ActiveCfg = Release|Win32
		{AF387E00-3C56-4906-9BE8-E2BD385F6141}.Release|Win32.Build.0 = Release|Win32
		{66476247-CB9A-4654-A480-051712FCD63D}.Debug|Win32.ActiveCfg = Debug|Win32
		{66476247-CB9A-4654-A480-051712FCD63D}.Debug|Win32.Build.0 = Debug|Win32
		{66476247-CB9A-4654-A480-051712FCD63D}.Release|Win32.ActiveCfg = Release|Win32
		{66476247-CB9A-4654-A480-051712FCD63D}.Release|Win32.Build.0 = Release|Win32
		{63A590F4-FF5A-4044-AADC-68EF81924A3B}.Debug|Win32.ActiveCfg = Debug|Win32
		{63A590F4-FF5A-4044-AADC-68EF81924A3B}.Debug|Win32.Build.0 = Debug|Win32
		{63A590F4-FF5A-4044-AADC-68EF81924A3B}.Release|Win32.ActiveCfg = Release|Win32
		{63A590F4-FF5A-4044-AADC-68EF81924A3B}.Release|Win32.Build.0 = Release|Win32
		{FD5E08FF-D0EF-4996-A187-DDC94A758EA2}.Debug|Win32.ActiveCfg = Debug|Win32
		{FD5E08FF-D0EF-4996-A187-DDC94A758EA2}.Debug|Win32.Build.0 = Debug|Win32
		{FD5E08FF-D0EF-4996-A187-DDC94A758EA2}.Release|Win32.ActiveCfg = Release|Win32
		{FD5E08FF-D0EF-4996-A187-DDC94A758EA2}.Release|Win32.Build.0 = Release|Win32
		{56DC183C-46C3-4B37-99DC-404C312829D7}.Debug|Win32.ActiveCfg = Debug|Win32
		{56DC183C-46C3-4B37-99DC-404C312829D7}.Debug|Win32.Build.0 = Debug|Win32
		{56DC183C-46C3-4B37-99DC-404C312829D7}.Release|Win32.ActiveCfg = Release|Win32
		{56DC183C-46C3-4B37-99DC-404C312829D7}.Release|Win32.Build.0 = Release|Win32
		{231FF667-AAD7-48D1-B90F-A421FA9343B1}.Debug|Win32.ActiveCfg = Debug|Win32
		{231FF667-AAD7-48D1-B90F-A421FA9343B1}.Debug|Win32.Build.0 = Debug|Win32
		{231FF667-AAD7-48D1-B90F-A421FA9343B1}.Release|Win32.ActiveCfg = Release|Win32
		{231FF667-AAD7-48D1-B90F-A421FA9343B1}.Release|Win32.Build.0 = Release|Win32
		{417ED9CF-CDAD-4754-90F7-9D6B7DB0F507}.Debug|Win32.ActiveCfg = Debug|Win32
		{417ED9CF-CDAD-4754-90F7-9D6B7DB0F507}.Debug|Win32.Build.0 = Debug|Win32
		{417ED9CF-CDAD-4754-90F7-9D6B7DB0F507}.Release|Win32.ActiveCfg = Release|Win32
		{417ED9CF-CDAD-4754-90F7-9D6B7DB0F507}.Release|Win32.Build.0 = Release|Win32
		{D3DC9BEA-763F-4038-A0D3-EEDB193271DE}.Debug|Win32.ActiveCfg = Debug|Win32
		{D3DC9BEA-763F-4038-A0D3-EEDB193271DE}.Debug|Win32.Build.0 = Debug|Win32
		{D3DC9BEA-763F-4038-A0D3-EEDB193271DE}.Release|Win32.ActiveCfg = Release|Win32
		{D3DC9BEA-763F-4038-A0D3-EEDB193271DE}.Release|Win32.Build.0 = Release|Win32
		{FE3B067E-C967-426D-95E4-E55D5DEDADD4}.Debug|Win32.ActiveCfg = Debug|Win32
		{FE3B067E-C967-426D-95E4-E55D5DEDADD4}.Debug|Win32.Build.0 = Debug|Win32
		{FE3B067E-C967-426D-95E4-E55D5DEDADD4}.Release|Win32.ActiveCfg = Release|Win32
		{FE3B067E-C967-426D-95E4-E55D5DEDADD4}.Release|Win32.Build.0 = Release|Win32
		{E044525A-D4F5-4937-9286-9B7AE6E76522}.Debug|Win32.ActiveCfg = Debug|Win32
		{E044525A-D4F5-4937-9286-9B7AE6E76522}.Debug|Win32.Build.0 = Debug|Win32
		{E044525A-D4F5-4937-9286-9B7AE6E76522}.Release|Win32.ActiveCfg = Release|Win32
		{E044525A-D4F5-4937-9286-9B7AE6E76522}.Release|Win32.Build.0 = Release|Win32
		{7923D0CC-F78B-4D7E-8128-AD5628EB7D2D}.Debug|Win32.ActiveCfg = Debug|Win32
		{7923D0CC-F78B-4D7E-8128-AD5628EB7D2D}.Debug|Win32.Build.0 = Debug|Win32
		{7923D0CC-F78B-4D7E-8128-AD5628EB7D2D}.Release|Win32.ActiveCfg = Release|Win32
		{7923D0CC-F78B-4D7E-8128-AD5628EB7D2D}.Release|Win32.Build.0 = Release|Win32
		{0A1574E6-B0C9-4BD3-AC21-3EB6C0628CF9}.Debug|Win32.ActiveCfg = Debug|Win32
		{0A1574E6-B0C9-4BD3-AC21-3EB6C0628CF9}.Debug|Win32.Build.0 = Debug|Win32
		{0A1574E6-B0C9-4BD3-AC21-3EB6C0628CF9}.Release|Win32.ActiveCfg = Release|Win32
		{0A1574E6-B0C9-4BD3-AC21-3EB6C0628CF9}.Release|Win32.Build.0 = Release|Win32
		{DF16DB5D-6A1F-49C4-B7E2-A502AD038CD0}.Debug|Win32.ActiveCfg = Debug|Win32
		{DF16DB5D-6A1F-49C4-B7E2-A502AD038CD0}.Debug|Win32.Build.0 = Debug|Win32
		{DF16DB5D-6A1F-49C4-B7E2-A502AD038CD0}.Release|Win32.ActiveCfg = Release|Win32
		{DF16DB5D-6A1F-49C4-B7E2-A502AD038CD0}.Release|Win32.Build.0 = Release|Win32
		{54236C4C-C4D1-4319-926F-F1A23FDA7265}.Debug|Win32.ActiveCfg = Debug|Win32
		{54236C4C-C4D1-4319-926F-F1A23FDA7265}.Debug|Win32.Build.0 = Debug|Win32
		{54236C4C-C4D1-4319-926F-F1A23FDA7265}.Release|Win32.ActiveCfg = Release|Win32
		{54236C4C-C4D1-4319-926F-F1A23FDA7265}.Release|Win32.Build.0 = Release|Win32
		{2FABABE6-4D34-4CA0-85EA-197440CDFA04}.Debug|Win32.ActiveCfg = Debug|Win32
		{2FABABE6-4D34-4CA0-85EA-197440CDFA04}.Debug|Win32.Build.0 = Debug|Win32
		{2FABABE6-4D34-4CA0-85EA-197440CDFA04}.Release|Win32.ActiveCfg = Release|Win32
		{2FABABE6-4D34-4CA0-85EA-197440CDFA04}.Release|Win32.Build.0 = Release|Win32
		{CD8FA2AA-47EB-43A5-83F6-C4270AD6D433}.Debug|Win32.ActiveCfg = Debug|Win32
		{CD8FA2AA-47EB-43A5-83F6-C4270AD6D433}.Debug|Win32.Build.0 = Debug|Win32
		{CD8FA2AA-47EB-43A5-83F6-C4270AD6D433}.Release|Win32.ActiveCfg = Release|Win32
		{CD8FA2AA-47EB-43A5-83F6-C4270AD6D433}.Release|Win32.Build.0 = Release|Win32
		{177FB0E2-DB8D-47ED-9113-B3F7ACDAA7C7}.Debug|Win32.ActiveCfg = Debug|Win32
		{177FB0E2-DB8D-47ED-9113-B3F7ACDAA7C7}.Debug|Win32.Build.0 = Debug|Win32
		{177FB0E2-DB8D-47ED-9113-B3F7ACDAA7C7}.Release|Win32.ActiveCfg = Release|Win32
		{177FB0E2-DB8D-47ED-9113-B3F7ACDAA7C7}.Release|Win32.Build.0 = Release|Win32
		{0073DA1F-E831-4137-833B-7CB1E5D13F40}.Debug|Win32.ActiveCfg = Debug|Win32
		{0073DA1F-E831-4137-833B-7CB1E5D13F40}.Debug|Win32.Build.0 = Debug|Win32
		{0073DA1F-E831-4137-833B-7CB1E5D13F40}.Release|Win32.ActiveCfg = Release|Win32
		{0073DA1F-E831-4137-833B-7CB1E5D13F40}.Release|Win32.Build.0 = Release|Win32
		{B543DCA8-399F-45AA-A71F-81E4156182F7}.Debug|Win32.ActiveCfg = Debug|Win32
		{B543DCA8-399F-45AA-A71F-81E4156182F7}.Debug|Win32.Build.0 = Debug|Win32
		{B543DCA8-399F-45AA-A71F-81E4156182F7}.Release|Win32.ActiveCfg = Release|Win32
		{B543DCA8-399F-45AA-A71F-81E4156182F7}.Release|Win32.Build.0 = Release|Win32
		{A535BC5E-6EAF-4611-90E6-F4A8D96A6940}.Debug|Win32.ActiveCfg = Debug|Win32
		{A535BC5E-6EAF-4611-90E6-F4A8D96A6940}.Debug|Win32.Build.0 = Debug|Win32
		{A535BC5E-6EAF-4611-90E6-F4A8D96A6940}.Release|Win32.ActiveCfg = Release|Win32
		{A535BC5E-6EAF-4611-90E6-F4A8D96A6940}.Release|Win32.Build.0 = Release|Win32
		{F349682B-ACA7-4195-8583-DFFBEE2CB404}.Debug|Win32.ActiveCfg = Debug|Win32
		{F349682B-ACA7-4195-8583-DFFBEE2CB404}.Debug|Win32.Build.0 = Debug|Win32
		{F349682B-ACA7-4195-8583-DFFBEE2CB404}.Release|Win32.ActiveCfg = Release|Win32
		{F349682B-ACA7-4195-8583-DFFBEE2CB404}.Release|Win32.Build.0 = Release|Win32
		{899DA9C2-F92F-4659-BCD7-7F734367B7B8}.Debug|Win32.ActiveCfg = Debug|Win32
		{899DA9C2-F92F-4659-BCD7-7F734367B7B8}.Debug|Win32.Build.0 = Debug|Win32
		{899DA9C2-F92F-4659-BCD7-7F734367B7B8}.Release|Win32.ActiveCfg = Release|Win32
		{899DA9C2-F92F-4659-BCD7-7F734367B7B8}.Release|Win32.Build.0 = Release|Win32
		{4FBD452E-5F9C-4669-B59D-E9311EE6CE49}.Debug|Win32.ActiveCfg = Debug|Win32
		{4FBD452E-5F9C-4669-B59D-E9311EE6CE49}.Debug|Win32.Build.0 = Debug|Win32
		{4FBD452E-5F9C-4669-B59D-E9311EE6CE49}.Release|Win32.ActiveCfg = Release|Win32
		{4FBD452E-5F9C-4669-B59D-E9311EE6CE49}.Release|Win32.Build.0 = Release|Win32
		{6951B904-4423-4D85-9801-9DD186A045FA}.Debug|Win32.ActiveCfg = Debug|Win32
		{6951B904-4423-4D85-9801-9DD186A045FA}.Debug|Win32.Build.0 = Debug|Win32
		{6951B904-4423-4D85-9801-9DD186A045FA}.Release|Win32.ActiveCfg = Release|Win32
		{6951B904-4423-4D85-9801-9DD186A045FA}.Release|Win32.Build.0 = Release|Win32
		{2E13273F-AC78-450E-AA0F-4EE4080DE4E2}.Debug|Win32.ActiveCfg = Debug|Win32
		{2E13273F-AC78-450E-AA0F-4EE4080DE4E2}.Debug|Win32.Build.0 = Debug|Win32
		{2E13273F-AC78-450E-AA0F-4EE4080DE4E2}.Release|Win32.ActiveCfg = Release|Win32
		{2E13273F-AC78-450E-AA0F-4EE4080DE4E2}.Release|Win32.Build.0 = Release|Win32
		{D3A0BA32-64BF-43D1-8785-C4D10EF4FEBD}.Debug|Win32.ActiveCfg = Debug|Win32
		{D3A0BA32-64BF-43D1-8785-C4D10EF4FEBD}.Debug|Win32.Build.0 = Debug|Win32
		{D3A0BA32-64BF-43D1-8785-C4D10EF4FEBD}.Release|Win32.ActiveCfg = Release|Win32
		{D3A0BA32-64BF-43D1-8785-C4D10EF4FEBD}.Release|Win32.Build.0 = Release|Win32
		{42038B7F-9407-435D-B1A3-E187A7819F49}.Debug|Win32.ActiveCfg = Debug|Win32
		{42038B7F-9407-435D-B1A3-E187A7819F49}.Debug|Win32.Build.0 = Debug|Win32
		{42038B7F-9407-435D-B1A3-E187A7819F49}.Release|Win32.ActiveCfg = Release|Win32
		{42038B7F-9407-435D-B1A3-E187A7819F49}.Release|Win32.Build.0 = Release|Win32
		{30F51297-015F-4015-9966-24A36FCB272F}.Debug|Win32.ActiveCfg = Debug|Win32
		{30F51297-015F-4015-9966-24A36FCB272F}.Debug|Win32.Build.0 = Debug|Win32
		{30F51297-015F-4015-9966-24A36FCB272F}.Release|Win32.ActiveCfg = Release|Win32
		{30F51297-015F-4015-9966-24A36FCB272F}.Release|Win32.Build.0 = Release|Win32
		{0923E53B-A1E6-4C3F-8763-D854F7B486A7}.Debug|Win32.ActiveCfg = Debug|Win32
		{0923E53B-A1E6-4C3F-8763-D854F7B486A7}.Debug|Win32.Build.0 = Debug|Win32
		{0923E53B-A1E6-4C3F-8763-D854F7B486A7}.Release|Win32.ActiveCfg = Release|Win32
		{0923E53B-A1E6-4C3F-8763-D854F7B486A7}.Release|Win32.Build.0 = Release|Win32
		{2D98663C-C982-4CF3-A4CB-B1991B13930F}.Debug|Win32.ActiveCfg = Debug|Win32
		{2D98663C-C982-4CF3-A4CB-B1991B13930F}.Debug|Win32.Build.0 = Debug|Win32
		{2D98663C-C982-4CF3-A4CB-B1991B13930F}.Release|Win32.ActiveCfg = Release|Win32
		{2D98663C-C982-4CF3-A4CB-B1991B13930F}.Release|Win32.Build.0 = Release|Win32
		{3742765B-AAD7-42B1-AC94-4FEFEB20B812}.Debug|Win32.ActiveCfg = Debug|Win32
		{3742765B-AAD7-42B1-AC94-4FEFEB20B812}.Debug|Win32.Build.0 = Debug|Win32
		{3742765B-AAD7-42B1-AC94-4FEFEB20B812}.Release|Win32.ActiveCfg = Release|Win32
		{3742765B-AAD7-42B1-AC94-4FEFEB20B812}.Release|Win32.Build.0 = Release|Win32
		{AA8C42B2-0FFD-4AB2-B640-FE5BDC12D085}.Debug|Win32.ActiveCfg = Debug|Win32
		{AA8C42B2-0FFD-4AB2-B640-FE5BDC12D085}.Debug|Win32.Build.0 = Debug|Win32
		{AA8C42B2-0FFD-4AB2-B640-FE5BDC12D085}.Release|Win32.ActiveCfg = Release|Win32
		{AA8C42B2-0FFD-4AB2-B640-FE5BDC12D085}.Release|Win32.Build.0 = Release|Win32
		{0E2A6834-525C-46E9-ABE8-DA697A00EB09}.Debug|Win32.ActiveCfg = Debug|Win32
		{0E2A6834-525C-46E9-ABE8-DA697A00EB09}.Debug|Win32.Build.0 = Debug|Win32
		{0E2A6834-525C-46E9-ABE8-DA697A00EB09}.Release|Win32.ActiveCfg = Release|Win32
		{0E2A6834-525C-46E9-ABE8-DA697A00EB09}.Release|Win32.Build.0 = Release|Win32
		{30C2EFB6-58FF-4BF2-9C7F-D3AE22BFD548}.Debug|Win32.ActiveCfg = Debug|Win32
		{30C2EFB6-58FF-4BF2-9C7F-D3AE22BFD548}.Debug|Win32.Build.0 = Debug|Win32
		{30C2EFB6-58FF-4BF2-9C7F-D3AE22BFD548}.Release|Win32.ActiveCfg = Release|Win32
		{30C2EFB6-58FF-4BF2-9C7F-D3AE22BFD548}.Release|Win32.Build.0 = Release|Win32
		{39DE4ABF-D766-4E23-8385-264363E5BB24}.Debug|Win32.ActiveCfg = Debug|Win32
		{39DE4ABF-D766-4E23-8385-264363E5BB24}.Debug|Win32.Build.0 = Debug|Win32
		{39DE4ABF-D766-4E23-8385-264363E5BB24}.Release|Win32.ActiveCfg = Release|Win32
		{39DE4ABF-D766-4E23-8385-264363E5BB24}.Release|Win32.Build.0 = Release|Win32
		{AD106E8A-221F-46EE-8BBC-C71136729873}.Debug|Win32.ActiveCfg = Debug|Win32
		{AD106E8A-221F-46EE-8BBC-C71136729873}.Debug|Win32.Build.0 = Debug|Win32
		{AD106E8A-221F-46EE-8BBC-C71136729873}.Release|Win32.ActiveCfg = Release|Win32
		{AD106E8A-221F-46EE-8BBC-C71136729873}.Release|Win32.Build.0 = Release|Win32
		{FA8B093B-261E-4F8A-95E6-82AD6AB95740}.Debug|Win32.ActiveCfg = Debug|Win32
		{FA8B093B-261E-4F8A-95E6-82AD6AB95740}.Debug|Win32.Build.0 = Debug|Win32
		{FA8B093B-261E-4F8A-95E6-82AD6AB95740}.Release|Win32.ActiveCfg = Release|Win32
		{FA8B093B-261E-4F8A-95E6-82AD6AB95740}.Release|Win32.Build.0 = Release|Win32
		{899364F8-ED13-4538-AD57-EC6686BCC369}.Debug|Win32.ActiveCfg = Debug|Win32
		{899364F8-ED13-4538-AD57-EC6686BCC369}.Debug|Win32.Build.0 = Debug|Win32
		{899364F8-ED13-4538-AD57-EC6686BCC369}.Release|Win32.ActiveCfg = Release|Win32
		{899364F8-ED13-4538-AD57-EC6686BCC369}.Release|Win32.Build.0 = Release|Win32
		{93A81204-1983-4554-B4CA-52621B09D92D}.Debug|Win32.ActiveCfg = Debug|Win32
		{93A81204-1983-4554-B4CA-52621B09D92D}.Debug|Win32.Build.0 = Debug|Win32
		{93A81204-1983-4554-B4CA-52621B09D92D}.Release|Win32.ActiveCfg = Release|Win32
		{93A81204-1983-4554-B4CA-52621B09D92D}.Release|Win32.Build.0 = Release|Win32
		{B8BFF5AA-4DC8-45E0-9104-729B70F88FA2}.Debug|Win32.ActiveCfg = Debug|Win32
		{B8BFF5AA-4DC8-45E0-9104-729B70F88FA2}.Debug|Win32.Build.0 = Debug|Win32
		{B8BFF5AA-4DC8-45E0-9104-729B70F88FA2}.Release|Win32.ActiveCfg = Release|Win32
		{B8BFF5AA-4DC8-45E0-9104-729B70F88FA2}.Release|Win32.Build.0 = Release|Win32
		{4392AEB0-A40B-4841-8403-948184FCCF96}.Debug|Win32.ActiveCfg = Debug|Win32
		{4392AEB0-A40B-4841-8403-948184FCCF96}.Debug|Win32.Build.0 = Debug|Win32
		{4392AEB0-A40B-4841-8403-948184FCCF96}.Release|Win32.ActiveCfg = Release|Win32
		{4392AEB0-A40B-4841-8403-948184FCCF96}.Release|Win32.Build.0 = Release|Win32
		{C3DD1A92-819E-46E2-A2B6-C658DDEF11DA}.Debug|Win32.ActiveCfg = Debug|Win32
		{C3DD1A92-819E-46E2-A2B6-C658DDEF11DA}.Debug|Win32.Build.0 = Debug|Win32
		{C3DD1A92-819E-46E2-A2B6-C658DDEF11DA}.Release|Win32.ActiveCfg = Release|Win32
		{C3DD1A92-819E-46E2-A2B6-C658DDEF11DA}.Release|Win32.Build.0 = Release|Win32
		{D2DAF405-B1F0-4790-BB1D-879E48D18DC5}.Debug|Win32.ActiveCfg = Debug|Win32
		{D2DAF405-B1F0-4790-BB1D-879E48D18DC5}.Debug|Win32.Build.0 = Debug|Win32
		{D2DAF405-B1F0-4790-BB1D-879E48D18DC5}.Release|Win32.ActiveCfg = Release|Win32
		{D2DAF405-B1F0-4790-BB1D-879E48D18DC5}.Release|Win32.Build.0 = Release|Win32
		{6312CE2C-D362-4219-88A7-ABE7E93A99BD}.Debug|Win32.ActiveCfg = Debug|Win32
		{6312CE2C-D362-4219-88A7-ABE7E93A99BD}.Debug|Win32.Build.0 = Debug|Win32
		{6312CE2C-D362-4219-88A7-ABE7E93A99BD}.Release|Win32.ActiveCfg = Release|Win32
		{6312CE2C-D362-4219-88A7-ABE7E93A99BD}.Release|Win32.Build.0 = Release|Win32
		{185862E2-887A-43EB-A9C9-B253C30800B1}.Debug|Win32.ActiveCfg = Debug|Win32
		{185862E2-887A-43EB-A9C9-B253C30800B1}.Debug|Win32.Build.0 = Debug|Win32
		{185862E2-887A-43EB-A9C9-B253C30800B1}.Release|Win32.ActiveCfg = Release|Win32
		{185862E2-887A-43EB-A9C9-B253C30800B1}.Release|Win32.Build.0 = Release|Win32
		{424EAFF2-E4AC-40A8-88DC-6624D0D43BB1}.Debug|Win32.ActiveCfg = Debug|Win32
		{424EAFF2-E4AC-40A8-88DC-6624D0D43BB1}.Debug|Win32.Build.0 = Debug|Win32
		{424EAFF2-E4AC-40A8-88DC-6624D0D43BB1}.Release|Win32.ActiveCfg = Release|Win32
		{424EAFF2-E4AC-40A8-88DC-6624D0D43BB1}.Release|Win32.Build.0 = Release|Win32
	EndGlobalSection
	GlobalSection(SolutionProperties) = preSolution
		HideSolutionNode = FALSE
	EndGlobalSection
	GlobalSection(NestedProjects) = preSolution
		{237C905B-F047-46A3-9726-FC357F5664CD} = {5B497FBD-C379-4801-AF02-733498BBF896}
		{FE3B067E-C967-426D-95E4-E55D5DEDADD4} = {5B497FBD-C379-4801-AF02-733498BBF896}
		{E044525A-D4F5-4937-9286-9B7AE6E76522} = {5B497FBD-C379-4801-AF02-733498BBF896}
		{7923D0CC-F78B-4D7E-8128-AD5628EB7D2D} = {5B497FBD-C379-4801-AF02-733498BBF896}
		{0A1574E6-B0C9-4BD3-AC21-3EB6C0628CF9} = {5B497FBD-C379-4801-AF02-733498BBF896}
		{AA8C42B2-0FFD-4AB2-B640-FE5BDC12D085} = {5B497FBD-C379-4801-AF02-733498BBF896}
		{3D988E0B-66C8-4F17-BFC3-FC37D4FE397A} = {0A0CADEB-4C93-4572-AA12-43CFA1E45D8B}
		{2E13273F-AC78-450E-AA0F-4EE4080DE4E2} = {0A0CADEB-4C93-4572-AA12-43CFA1E45D8B}
		{D3A0BA32-64BF-43D1-8785-C4D10EF4FEBD} = {0A0CADEB-4C93-4572-AA12-43CFA1E45D8B}
		{42038B7F-9407-435D-B1A3-E187A7819F49} = {0A0CADEB-4C93-4572-AA12-43CFA1E45D8B}
		{30F51297-015F-4015-9966-24A36FCB272F} = {0A0CADEB-4C93-4572-AA12-43CFA1E45D8B}
		{30C2EFB6-58FF-4BF2-9C7F-D3AE22BFD548} = {0A0CADEB-4C93-4572-AA12-43CFA1E45D8B}
		{BD41DEA2-F467-403B-8FC5-C24B0BFE53C1} = {E85BFD4D-52DA-40DA-BAB5-8E7D9FD87DF8}
		{424EAFF2-E4AC-40A8-88DC-6624D0D43BB1} = {E85BFD4D-52DA-40DA-BAB5-8E7D9FD87DF8}
		{D6E58BBC-65B9-4FCB-8C92-F294D7B29349} = {50EE979D-54B0-4EE8-8C3C-0A095AFF76B3}
		{63A590F4-FF5A-4044-AADC-68EF81924A3B} = {4C5C8A0E-A5EB-4442-8E65-C7E0910A0730}
		{FD5E08FF-D0EF-4996-A187-DDC94A758EA2} = {4C5C8A0E-A5EB-4442-8E65-C7E0910A0730}
		{AF387E00-3C56-4906-9BE8-E2BD385F6141} = {4C5C8A0E-A5EB-4442-8E65-C7E0910A0730}
		{417ED9CF-CDAD-4754-90F7-9D6B7DB0F507} = {4C5C8A0E-A5EB-4442-8E65-C7E0910A0730}
		{D3DC9BEA-763F-4038-A0D3-EEDB193271DE} = {4C5C8A0E-A5EB-4442-8E65-C7E0910A0730}
		{0E2A6834-525C-46E9-ABE8-DA697A00EB09} = {4C5C8A0E-A5EB-4442-8E65-C7E0910A0730}
		{6D09CB66-A03E-4B17-93EA-93DBBD38ECE6} = {1420667E-09EC-49A9-92E8-AB99701A48E3}
		{1F6FC61E-DDA7-4604-B7A1-EC07038B277F} = {1420667E-09EC-49A9-92E8-AB99701A48E3}
		{C6CE6C38-BA7F-4584-A1ED-071C2402D04D} = {1420667E-09EC-49A9-92E8-AB99701A48E3}
		{231FF667-AAD7-48D1-B90F-A421FA9343B1} = {6D09CB66-A03E-4B17-93EA-93DBBD38ECE6}
		{66476247-CB9A-4654-A480-051712FCD63D} = {6D09CB66-A03E-4B17-93EA-93DBBD38ECE6}
		{DF16DB5D-6A1F-49C4-B7E2-A502AD038CD0} = {6D09CB66-A03E-4B17-93EA-93DBBD38ECE6}
		{54236C4C-C4D1-4319-926F-F1A23FDA7265} = {6D09CB66-A03E-4B17-93EA-93DBBD38ECE6}
		{2FABABE6-4D34-4CA0-85EA-197440CDFA04} = {6D09CB66-A03E-4B17-93EA-93DBBD38ECE6}
		{56DC183C-46C3-4B37-99DC-404C312829D7} = {6D09CB66-A03E-4B17-93EA-93DBBD38ECE6}
		{0923E53B-A1E6-4C3F-8763-D854F7B486A7} = {6D09CB66-A03E-4B17-93EA-93DBBD38ECE6}
		{2D98663C-C982-4CF3-A4CB-B1991B13930F} = {6D09CB66-A03E-4B17-93EA-93DBBD38ECE6}
		{39DE4ABF-D766-4E23-8385-264363E5BB24} = {6D09CB66-A03E-4B17-93EA-93DBBD38ECE6}
		{DC703A17-E889-43F6-AE95-173B6739EDDE} = {1F6FC61E-DDA7-4604-B7A1-EC07038B277F}
		{BD463C58-1EC9-4BF6-BB28-390B2D3411BE} = {1F6FC61E-DDA7-4604-B7A1-EC07038B277F}
		{CD8FA2AA-47EB-43A5-83F6-C4270AD6D433} = {C6CE6C38-BA7F-4584-A1ED-071C2402D04D}
		{3F478BC6-4416-473A-9CB1-90A7D9D7AD8E} = {C6CE6C38-BA7F-4584-A1ED-071C2402D04D}
		{A535BC5E-6EAF-4611-90E6-F4A8D96A6940} = {C6CE6C38-BA7F-4584-A1ED-071C2402D04D}
		{177FB0E2-DB8D-47ED-9113-B3F7ACDAA7C7} = {3F478BC6-4416-473A-9CB1-90A7D9D7AD8E}
		{0073DA1F-E831-4137-833B-7CB1E5D13F40} = {3F478BC6-4416-473A-9CB1-90A7D9D7AD8E}
		{B543DCA8-399F-45AA-A71F-81E4156182F7} = {3F478BC6-4416-473A-9CB1-90A7D9D7AD8E}
		{3742765B-AAD7-42B1-AC94-4FEFEB20B812} = {3F478BC6-4416-473A-9CB1-90A7D9D7AD8E}
		{F349682B-ACA7-4195-8583-DFFBEE2CB404} = {DC703A17-E889-43F6-AE95-173B6739EDDE}
		{899DA9C2-F92F-4659-BCD7-7F734367B7B8} = {DC703A17-E889-43F6-AE95-173B6739EDDE}
		{4FBD452E-5F9C-4669-B59D-E9311EE6CE49} = {DC703A17-E889-43F6-AE95-173B6739EDDE}
		{6951B904-4423-4D85-9801-9DD186A045FA} = {DC703A17-E889-43F6-AE95-173B6739EDDE}
		{AD106E8A-221F-46EE-8BBC-C71136729873} = {69A54D2D-0356-455F-A075-728DFC6CBE8F}
		{FA8B093B-261E-4F8A-95E6-82AD6AB95740} = {69A54D2D-0356-455F-A075-728DFC6CBE8F}
		{899364F8-ED13-4538-AD57-EC6686BCC369} = {69A54D2D-0356-455F-A075-728DFC6CBE8F}
		{93A81204-1983-4554-B4CA-52621B09D92D} = {69A54D2D-0356-455F-A075-728DFC6CBE8F}
		{B8BFF5AA-4DC8-45E0-9104-729B70F88FA2} = {69A54D2D-0356-455F-A075-728DFC6CBE8F}
		{4392AEB0-A40B-4841-8403-948184FCCF96} = {69A54D2D-0356-455F-A075-728DFC6CBE8F}
		{C3DD1A92-819E-46E2-A2B6-C658DDEF11DA} = {BD463C58-1EC9-4BF6-BB28-390B2D3411BE}
		{D2DAF405-B1F0-4790-BB1D-879E48D18DC5} = {BD463C58-1EC9-4BF6-BB28-390B2D3411BE}
		{6312CE2C-D362-4219-88A7-ABE7E93A99BD} = {BD463C58-1EC9-4BF6-BB28-390B2D3411BE}
		{185862E2-887A-43EB-A9C9-B253C30800B1} = {BD463C58-1EC9-4BF6-BB28-390B2D3411BE}
	EndGlobalSection
EndGlobal
