
Microsoft Visual Studio Solution File, Format Version 9.00
# Visual C++ Express 2005
Project("{8BC9CEB8-8B4A-11D0-8D11-00A0C91BC942}") = "ZPhysX", "ZPhysX.vcproj", "{67D1BD7E-3057-428B-B6A0-FAF91C6F40B0}"
EndProject
Global
	GlobalSection(SolutionConfigurationPlatforms) = preSolution
		Debug|Win32 = Debug|Win32
		Release|Win32 = Release|Win32
	EndGlobalSection
	GlobalSection(ProjectConfigurationPlatforms) = postSolution
		{67D1BD7E-3057-428B-B6A0-FAF91C6F40B0}.Debug|Win32.ActiveCfg = Debug|Win32
		{67D1BD7E-3057-428B-B6A0-FAF91C6F40B0}.Debug|Win32.Build.0 = Debug|Win32
		{67D1BD7E-3057-428B-B6A0-FAF91C6F40B0}.Release|Win32.ActiveCfg = Release|Win32
		{67D1BD7E-3057-428B-B6A0-FAF91C6F40B0}.Release|Win32.Build.0 = Release|Win32
	EndGlobalSection
	GlobalSection(SolutionProperties) = preSolution
		HideSolutionNode = FALSE
	EndGlobalSection
EndGlobal
