
Microsoft Visual Studio Solution File, Format Version 9.00
# Visual Studio 2005
Project("{8BC9CEB8-8B4A-11D0-8D11-00A0C91BC942}") = "KOZClient", "KOZClient\KOZClient.vcproj", "{EBD10375-7D13-485F-A8BD-C07513CBE635}"
EndProject
Project("{8BC9CEB8-8B4A-11D0-8D11-00A0C91BC942}") = "KOZCore", "KOZCore\KOZCore.vcproj", "{98017C7E-8844-4CE0-A2C1-CF9F283AFE34}"
EndProject
Project("{8BC9CEB8-8B4A-11D0-8D11-00A0C91BC942}") = "KOZServer", "KOZServer\KOZServer.vcproj", "{2E067BFE-FA8F-4D33-ADD8-B2A49F321D1F}"
EndProject
Global
	GlobalSection(SolutionConfigurationPlatforms) = preSolution
		Debug|Win32 = Debug|Win32
		Release|Win32 = Release|Win32
	EndGlobalSection
	GlobalSection(ProjectConfigurationPlatforms) = postSolution
		{EBD10375-7D13-485F-A8BD-C07513CBE635}.Debug|Win32.ActiveCfg = Debug|Win32
		{EBD10375-7D13-485F-A8BD-C07513CBE635}.Debug|Win32.Build.0 = Debug|Win32
		{EBD10375-7D13-485F-A8BD-C07513CBE635}.Release|Win32.ActiveCfg = Release|Win32
		{EBD10375-7D13-485F-A8BD-C07513CBE635}.Release|Win32.Build.0 = Release|Win32
		{98017C7E-8844-4CE0-A2C1-CF9F283AFE34}.Debug|Win32.ActiveCfg = Debug|Win32
		{98017C7E-8844-4CE0-A2C1-CF9F283AFE34}.Debug|Win32.Build.0 = Debug|Win32
		{98017C7E-8844-4CE0-A2C1-CF9F283AFE34}.Release|Win32.ActiveCfg = Release|Win32
		{98017C7E-8844-4CE0-A2C1-CF9F283AFE34}.Release|Win32.Build.0 = Release|Win32
		{2E067BFE-FA8F-4D33-ADD8-B2A49F321D1F}.Debug|Win32.ActiveCfg = Debug|Win32
		{2E067BFE-FA8F-4D33-ADD8-B2A49F321D1F}.Debug|Win32.Build.0 = Debug|Win32
		{2E067BFE-FA8F-4D33-ADD8-B2A49F321D1F}.Release|Win32.ActiveCfg = Release|Win32
		{2E067BFE-FA8F-4D33-ADD8-B2A49F321D1F}.Release|Win32.Build.0 = Release|Win32
	EndGlobalSection
	GlobalSection(SolutionProperties) = preSolution
		HideSolutionNode = FALSE
	EndGlobalSection
EndGlobal
