
Microsoft Visual Studio Solution File, Format Version 9.00
# Visual Studio 2005
Project("{8BC9CEB8-8B4A-11D0-8D11-00A0C91BC942}") = "Camera", "Camera\Camera.vcproj", "{96350CB4-E2F6-460A-91D3-BE30CDFC0334}"
EndProject
Project("{8BC9CEB8-8B4A-11D0-8D11-00A0C91BC942}") = "Cinematics", "Cinematics\Cinematics.vcproj", "{120CEC2F-E967-4C08-842C-38097E98A5FC}"
EndProject
Project("{8BC9CEB8-8B4A-11D0-8D11-00A0C91BC942}") = "Input", "Input\Input.vcproj", "{EA8FFED0-6C9E-425E-9A01-333EEF5B8CF0}"
EndProject
Project("{8BC9CEB8-8B4A-11D0-8D11-00A0C91BC942}") = "Move", "Move\Move.vcproj", "{A22B171F-630D-43DF-B7B0-E492E21B0839}"
	ProjectSection(ProjectDependencies) = postProject
		{A94B1CE6-63A2-485D-845F-5E929D9EF918} = {A94B1CE6-63A2-485D-845F-5E929D9EF918}
	EndProjectSection
EndProject
Project("{8BC9CEB8-8B4A-11D0-8D11-00A0C91BC942}") = "Navigation", "Navigation\Navigation.vcproj", "{4719F09C-38A5-4DA6-B495-54D2AC05E6C2}"
EndProject
Project("{8BC9CEB8-8B4A-11D0-8D11-00A0C91BC942}") = "Physics", "Physics\Physics.vcproj", "{9BEDF3AF-BBAF-4114-8970-A6CF673F1CD8}"
EndProject
Project("{8BC9CEB8-8B4A-11D0-8D11-00A0C91BC942}") = "Rendering", "Rendering\Rendering.vcproj", "{18174E07-12CC-48B6-9B01-487BA0B78D26}"
	ProjectSection(ProjectDependencies) = postProject
		{A5EF1DDE-0B28-4A60-BD17-66CC1952A009} = {A5EF1DDE-0B28-4A60-BD17-66CC1952A009}
	EndProjectSection
EndProject
Project("{8BC9CEB8-8B4A-11D0-8D11-00A0C91BC942}") = "Resource", "Resource\Resource.vcproj", "{A5EF1DDE-0B28-4A60-BD17-66CC1952A009}"
	ProjectSection(ProjectDependencies) = postProject
		{04B725F0-F8E1-4AE3-9CD0-5AB327BBA905} = {04B725F0-F8E1-4AE3-9CD0-5AB327BBA905}
	EndProjectSection
EndProject
Project("{8BC9CEB8-8B4A-11D0-8D11-00A0C91BC942}") = "Rules", "Rules\Rules.vcproj", "{2B95BDDC-3FED-40F8-8BF6-343C89434D6F}"
EndProject
Project("{8BC9CEB8-8B4A-11D0-8D11-00A0C91BC942}") = "Server", "Server\Server.vcproj", "{C99364B3-4B13-4073-92B6-8EC8F15329DA}"
EndProject
Project("{8BC9CEB8-8B4A-11D0-8D11-00A0C91BC942}") = "Sound", "Sound\Sound.vcproj", "{04B725F0-F8E1-4AE3-9CD0-5AB327BBA905}"
EndProject
Project("{8BC9CEB8-8B4A-11D0-8D11-00A0C91BC942}") = "Widgets", "Widgets\Widgets.vcproj", "{E646F9AD-6273-4573-9751-E2CCDD05971D}"
EndProject
Project("{8BC9CEB8-8B4A-11D0-8D11-00A0C91BC942}") = "Client", "Client\Client.vcproj", "{C6FF5E73-2080-44DA-952C-DE1E8CEDF673}"
EndProject
Project("{8BC9CEB8-8B4A-11D0-8D11-00A0C91BC942}") = "Core", "Core\Core.vcproj", "{A94B1CE6-63A2-485D-845F-5E929D9EF918}"
EndProject
Project("{8BC9CEB8-8B4A-11D0-8D11-00A0C91BC942}") = "World", "World\World.vcproj", "{0E7B4758-4240-4259-85E6-ED04479C4A00}"
EndProject
Global
	GlobalSection(SolutionConfigurationPlatforms) = preSolution
		Debug|Win32 = Debug|Win32
		Release|Win32 = Release|Win32
	EndGlobalSection
	GlobalSection(ProjectConfigurationPlatforms) = postSolution
		{96350CB4-E2F6-460A-91D3-BE30CDFC0334}.Debug|Win32.ActiveCfg = Debug|Win32
		{96350CB4-E2F6-460A-91D3-BE30CDFC0334}.Debug|Win32.Build.0 = Debug|Win32
		{96350CB4-E2F6-460A-91D3-BE30CDFC0334}.Release|Win32.ActiveCfg = Release|Win32
		{96350CB4-E2F6-460A-91D3-BE30CDFC0334}.Release|Win32.Build.0 = Release|Win32
		{120CEC2F-E967-4C08-842C-38097E98A5FC}.Debug|Win32.ActiveCfg = Debug|Win32
		{120CEC2F-E967-4C08-842C-38097E98A5FC}.Debug|Win32.Build.0 = Debug|Win32
		{120CEC2F-E967-4C08-842C-38097E98A5FC}.Release|Win32.ActiveCfg = Release|Win32
		{120CEC2F-E967-4C08-842C-38097E98A5FC}.Release|Win32.Build.0 = Release|Win32
		{EA8FFED0-6C9E-425E-9A01-333EEF5B8CF0}.Debug|Win32.ActiveCfg = Debug|Win32
		{EA8FFED0-6C9E-425E-9A01-333EEF5B8CF0}.Debug|Win32.Build.0 = Debug|Win32
		{EA8FFED0-6C9E-425E-9A01-333EEF5B8CF0}.Release|Win32.ActiveCfg = Release|Win32
		{EA8FFED0-6C9E-425E-9A01-333EEF5B8CF0}.Release|Win32.Build.0 = Release|Win32
		{A22B171F-630D-43DF-B7B0-E492E21B0839}.Debug|Win32.ActiveCfg = Debug|Win32
		{A22B171F-630D-43DF-B7B0-E492E21B0839}.Debug|Win32.Build.0 = Debug|Win32
		{A22B171F-630D-43DF-B7B0-E492E21B0839}.Release|Win32.ActiveCfg = Release|Win32
		{A22B171F-630D-43DF-B7B0-E492E21B0839}.Release|Win32.Build.0 = Release|Win32
		{4719F09C-38A5-4DA6-B495-54D2AC05E6C2}.Debug|Win32.ActiveCfg = Debug|Win32
		{4719F09C-38A5-4DA6-B495-54D2AC05E6C2}.Debug|Win32.Build.0 = Debug|Win32
		{4719F09C-38A5-4DA6-B495-54D2AC05E6C2}.Release|Win32.ActiveCfg = Release|Win32
		{4719F09C-38A5-4DA6-B495-54D2AC05E6C2}.Release|Win32.Build.0 = Release|Win32
		{9BEDF3AF-BBAF-4114-8970-A6CF673F1CD8}.Debug|Win32.ActiveCfg = Debug|Win32
		{9BEDF3AF-BBAF-4114-8970-A6CF673F1CD8}.Debug|Win32.Build.0 = Debug|Win32
		{9BEDF3AF-BBAF-4114-8970-A6CF673F1CD8}.Release|Win32.ActiveCfg = Release|Win32
		{9BEDF3AF-BBAF-4114-8970-A6CF673F1CD8}.Release|Win32.Build.0 = Release|Win32
		{18174E07-12CC-48B6-9B01-487BA0B78D26}.Debug|Win32.ActiveCfg = Debug|Win32
		{18174E07-12CC-48B6-9B01-487BA0B78D26}.Debug|Win32.Build.0 = Debug|Win32
		{18174E07-12CC-48B6-9B01-487BA0B78D26}.Release|Win32.ActiveCfg = Release|Win32
		{18174E07-12CC-48B6-9B01-487BA0B78D26}.Release|Win32.Build.0 = Release|Win32
		{A5EF1DDE-0B28-4A60-BD17-66CC1952A009}.Debug|Win32.ActiveCfg = Debug|Win32
		{A5EF1DDE-0B28-4A60-BD17-66CC1952A009}.Debug|Win32.Build.0 = Debug|Win32
		{A5EF1DDE-0B28-4A60-BD17-66CC1952A009}.Release|Win32.ActiveCfg = Release|Win32
		{A5EF1DDE-0B28-4A60-BD17-66CC1952A009}.Release|Win32.Build.0 = Release|Win32
		{2B95BDDC-3FED-40F8-8BF6-343C89434D6F}.Debug|Win32.ActiveCfg = Debug|Win32
		{2B95BDDC-3FED-40F8-8BF6-343C89434D6F}.Debug|Win32.Build.0 = Debug|Win32
		{2B95BDDC-3FED-40F8-8BF6-343C89434D6F}.Release|Win32.ActiveCfg = Release|Win32
		{2B95BDDC-3FED-40F8-8BF6-343C89434D6F}.Release|Win32.Build.0 = Release|Win32
		{C99364B3-4B13-4073-92B6-8EC8F15329DA}.Debug|Win32.ActiveCfg = Debug|Win32
		{C99364B3-4B13-4073-92B6-8EC8F15329DA}.Debug|Win32.Build.0 = Debug|Win32
		{C99364B3-4B13-4073-92B6-8EC8F15329DA}.Release|Win32.ActiveCfg = Release|Win32
		{C99364B3-4B13-4073-92B6-8EC8F15329DA}.Release|Win32.Build.0 = Release|Win32
		{04B725F0-F8E1-4AE3-9CD0-5AB327BBA905}.Debug|Win32.ActiveCfg = Debug|Win32
		{04B725F0-F8E1-4AE3-9CD0-5AB327BBA905}.Debug|Win32.Build.0 = Debug|Win32
		{04B725F0-F8E1-4AE3-9CD0-5AB327BBA905}.Release|Win32.ActiveCfg = Release|Win32
		{04B725F0-F8E1-4AE3-9CD0-5AB327BBA905}.Release|Win32.Build.0 = Release|Win32
		{E646F9AD-6273-4573-9751-E2CCDD05971D}.Debug|Win32.ActiveCfg = Debug|Win32
		{E646F9AD-6273-4573-9751-E2CCDD05971D}.Debug|Win32.Build.0 = Debug|Win32
		{E646F9AD-6273-4573-9751-E2CCDD05971D}.Release|Win32.ActiveCfg = Release|Win32
		{E646F9AD-6273-4573-9751-E2CCDD05971D}.Release|Win32.Build.0 = Release|Win32
		{C6FF5E73-2080-44DA-952C-DE1E8CEDF673}.Debug|Win32.ActiveCfg = Debug|Win32
		{C6FF5E73-2080-44DA-952C-DE1E8CEDF673}.Debug|Win32.Build.0 = Debug|Win32
		{C6FF5E73-2080-44DA-952C-DE1E8CEDF673}.Release|Win32.ActiveCfg = Release|Win32
		{C6FF5E73-2080-44DA-952C-DE1E8CEDF673}.Release|Win32.Build.0 = Release|Win32
		{A94B1CE6-63A2-485D-845F-5E929D9EF918}.Debug|Win32.ActiveCfg = Debug|Win32
		{A94B1CE6-63A2-485D-845F-5E929D9EF918}.Debug|Win32.Build.0 = Debug|Win32
		{A94B1CE6-63A2-485D-845F-5E929D9EF918}.Release|Win32.ActiveCfg = Release|Win32
		{A94B1CE6-63A2-485D-845F-5E929D9EF918}.Release|Win32.Build.0 = Release|Win32
		{0E7B4758-4240-4259-85E6-ED04479C4A00}.Debug|Win32.ActiveCfg = Debug|Win32
		{0E7B4758-4240-4259-85E6-ED04479C4A00}.Debug|Win32.Build.0 = Debug|Win32
		{0E7B4758-4240-4259-85E6-ED04479C4A00}.Release|Win32.ActiveCfg = Release|Win32
		{0E7B4758-4240-4259-85E6-ED04479C4A00}.Release|Win32.Build.0 = Release|Win32
	EndGlobalSection
	GlobalSection(SolutionProperties) = preSolution
		HideSolutionNode = FALSE
	EndGlobalSection
EndGlobal
