
Microsoft Visual Studio Solution File, Format Version 9.00
# Visual Studio 2005
Project("{8BC9CEB8-8B4A-11D0-8D11-00A0C91BC942}") = "ZPython", "ZPython.vcproj", "{58DAA1BC-D595-4B26-8EB0-63641B9246DE}"
EndProject
Global
	GlobalSection(SolutionConfigurationPlatforms) = preSolution
		Debug|Win32 = Debug|Win32
		Release|Win32 = Release|Win32
	EndGlobalSection
	GlobalSection(ProjectConfigurationPlatforms) = postSolution
		{58DAA1BC-D595-4B26-8EB0-63641B9246DE}.Debug|Win32.ActiveCfg = Debug|Win32
		{58DAA1BC-D595-4B26-8EB0-63641B9246DE}.Debug|Win32.Build.0 = Debug|Win32
		{58DAA1BC-D595-4B26-8EB0-63641B9246DE}.Release|Win32.ActiveCfg = Release|Win32
		{58DAA1BC-D595-4B26-8EB0-63641B9246DE}.Release|Win32.Build.0 = Release|Win32
	EndGlobalSection
	GlobalSection(SolutionProperties) = preSolution
		HideSolutionNode = FALSE
	EndGlobalSection
EndGlobal
